// !$*UTF8*$!
{
	archiveVersion = 1;
	classes = {
	};
	objectVersion = 46;
	objects = {

/* Begin PBXBuildFile section */
		1613F7891FBC1DE50033E42F /* XFAddToCartAnimationTool.swift in Sources */ = {isa = PBXBuildFile; fileRef = 1613F7881FBC1DE50033E42F /* XFAddToCartAnimationTool.swift */; };
		16200CF01F1B169C0008C039 /* XFAddress.swift in Sources */ = {isa = PBXBuildFile; fileRef = 16200CEE1F1B169C0008C039 /* XFAddress.swift */; };
		16200CF51F1B7F200008C039 /* XFAvailableAddressUtils.swift in Sources */ = {isa = PBXBuildFile; fileRef = 16200CF41F1B7F200008C039 /* XFAvailableAddressUtils.swift */; };
		1632FE4B1FC6D73D00186A8F /* XFCollectionService.swift in Sources */ = {isa = PBXBuildFile; fileRef = 1632FE4A1FC6D73D00186A8F /* XFCollectionService.swift */; };
		1632FE4D1FC6E27500186A8F /* XFCollection.swift in Sources */ = {isa = PBXBuildFile; fileRef = 1632FE4C1FC6E27500186A8F /* XFCollection.swift */; };
		1632FE4F1FC7075B00186A8F /* XFCollectionListCell.swift in Sources */ = {isa = PBXBuildFile; fileRef = 1632FE4E1FC7075B00186A8F /* XFCollectionListCell.swift */; };
		1641E76C1F35F9D10093DADF /* XFCityChooseView.swift in Sources */ = {isa = PBXBuildFile; fileRef = 1641E76B1F35F96F0093DADF /* XFCityChooseView.swift */; };
		1641E76E1F3609EC0093DADF /* XFAlert.swift in Sources */ = {isa = PBXBuildFile; fileRef = 1641E76D1F3609EC0093DADF /* XFAlert.swift */; };
		165608D91EDACA6000D325D4 /* XFTPayModeableViewCell.swift in Sources */ = {isa = PBXBuildFile; fileRef = 165608D61EDACA6000D325D4 /* XFTPayModeableViewCell.swift */; };
		165608DB1EDACA6900D325D4 /* XFChoosePayWayViewController.swift in Sources */ = {isa = PBXBuildFile; fileRef = 165608DA1EDACA6900D325D4 /* XFChoosePayWayViewController.swift */; };
		16582DC31EE4F8D400A58846 /* XFEditMyAddressView.swift in Sources */ = {isa = PBXBuildFile; fileRef = 16582DC21EE4F8D400A58846 /* XFEditMyAddressView.swift */; };
		1660E8A81FC2B819008F5669 /* XLVideoPlayer.m in Sources */ = {isa = PBXBuildFile; fileRef = 1660E8A21FC2B819008F5669 /* XLVideoPlayer.m */; };
		1660E8A91FC2B819008F5669 /* XLSlider.m in Sources */ = {isa = PBXBuildFile; fileRef = 1660E8A51FC2B819008F5669 /* XLSlider.m */; };
		16701C121F6EB431007E2CEA /* XFExpandImage.swift in Sources */ = {isa = PBXBuildFile; fileRef = 16701C111F6EB431007E2CEA /* XFExpandImage.swift */; };
		169FAF8F1F6A5BE800CB358C /* XFUserInfoView.swift in Sources */ = {isa = PBXBuildFile; fileRef = 169FAF8E1F6A5BE800CB358C /* XFUserInfoView.swift */; };
		16C9FD9A1F6C1FEA00A138E6 /* UIAlertExtension.swift in Sources */ = {isa = PBXBuildFile; fileRef = 16C9FD991F6C1FEA00A138E6 /* UIAlertExtension.swift */; };
		16C9FD9C1F6C29A400A138E6 /* DVActionSheetVC.swift in Sources */ = {isa = PBXBuildFile; fileRef = 16C9FD9B1F6C29A400A138E6 /* DVActionSheetVC.swift */; };
		16C9FD9E1F6D513400A138E6 /* XFChangePwdViewController.swift in Sources */ = {isa = PBXBuildFile; fileRef = 16C9FD9D1F6D513400A138E6 /* XFChangePwdViewController.swift */; };
		16C9FDA41F6E7EF700A138E6 /* XFUserInfoService.swift in Sources */ = {isa = PBXBuildFile; fileRef = 16C9FDA31F6E7EF700A138E6 /* XFUserInfoService.swift */; };
		860A32AB1F860E2500301883 /* ESPullToRefresh.framework in Frameworks */ = {isa = PBXBuildFile; fileRef = 860A32AA1F860E2500301883 /* ESPullToRefresh.framework */; };
		860A32AD1F861E7100301883 /* XFRefreshAnimator.swift in Sources */ = {isa = PBXBuildFile; fileRef = 860A32AC1F861E7100301883 /* XFRefreshAnimator.swift */; };
		860A43031EE415FF00798678 /* HandyJSON.framework in Frameworks */ = {isa = PBXBuildFile; fileRef = 860A43021EE415FF00798678 /* HandyJSON.framework */; };
		860A43051EE4178000798678 /* XFBaseResponse.swift in Sources */ = {isa = PBXBuildFile; fileRef = 860A43041EE4178000798678 /* XFBaseResponse.swift */; };
		860C9E561F7293BE00AF3CB7 /* XFCouponItemCellView.swift in Sources */ = {isa = PBXBuildFile; fileRef = 860C9E551F7293BE00AF3CB7 /* XFCouponItemCellView.swift */; };
		8616F7ED1F654C03007A4669 /* XFAuthService.swift in Sources */ = {isa = PBXBuildFile; fileRef = 8616F7EC1F654C03007A4669 /* XFAuthService.swift */; };
		8616F7EF1F654CB8007A4669 /* XFProductService.swift in Sources */ = {isa = PBXBuildFile; fileRef = 8616F7EE1F654CB8007A4669 /* XFProductService.swift */; };
		8618BA2C1F3F963300AC9436 /* XFPayTimerCountDownViewCell.swift in Sources */ = {isa = PBXBuildFile; fileRef = 8618BA2B1F3F963300AC9436 /* XFPayTimerCountDownViewCell.swift */; };
		8618BA381F4027B000AC9436 /* SystemConfiguration.framework in Frameworks */ = {isa = PBXBuildFile; fileRef = 8618BA371F4027AA00AC9436 /* SystemConfiguration.framework */; };
		8618BA3B1F4027FA00AC9436 /* CoreTelephony.framework in Frameworks */ = {isa = PBXBuildFile; fileRef = 8618BA3A1F4027ED00AC9436 /* CoreTelephony.framework */; };
		8618BA3C1F40280500AC9436 /* libc++.tbd in Frameworks */ = {isa = PBXBuildFile; fileRef = 8618BA391F4027D700AC9436 /* libc++.tbd */; };
		8618BA401F402B9800AC9436 /* libWeChatSDK.a in Frameworks */ = {isa = PBXBuildFile; fileRef = 8618BA321F40274300AC9436 /* libWeChatSDK.a */; };
		8618BA421F4035D700AC9436 /* AlipaySDK.framework in Frameworks */ = {isa = PBXBuildFile; fileRef = 8618BA3F1F4029F000AC9436 /* AlipaySDK.framework */; };
		8618BA441F40366E00AC9436 /* CoreMotion.framework in Frameworks */ = {isa = PBXBuildFile; fileRef = 8618BA431F40366800AC9436 /* CoreMotion.framework */; };
		8624CC3C1F4DE5D90008C8D3 /* XFAboutCompanyViewController.swift in Sources */ = {isa = PBXBuildFile; fileRef = 8624CC3B1F4DE5D90008C8D3 /* XFAboutCompanyViewController.swift */; };
		862672CD1EFE42B50062B52B /* XFCategoryViewController.swift in Sources */ = {isa = PBXBuildFile; fileRef = 862672CC1EFE42B50062B52B /* XFCategoryViewController.swift */; };
		862672CF1EFE42EF0062B52B /* XFDetailViewController.swift in Sources */ = {isa = PBXBuildFile; fileRef = 862672CE1EFE42EF0062B52B /* XFDetailViewController.swift */; };
		862672D11EFE432C0062B52B /* XFIndexViewController.swift in Sources */ = {isa = PBXBuildFile; fileRef = 862672D01EFE432C0062B52B /* XFIndexViewController.swift */; };
		862672D31EFE43680062B52B /* XFShopCarViewController.swift in Sources */ = {isa = PBXBuildFile; fileRef = 862672D21EFE43680062B52B /* XFShopCarViewController.swift */; };
		862672DB1EFE44490062B52B /* XFUserCenterViewController.swift in Sources */ = {isa = PBXBuildFile; fileRef = 862672DA1EFE44490062B52B /* XFUserCenterViewController.swift */; };
		862672E51EFE47010062B52B /* XFMBProgressHUD.swift in Sources */ = {isa = PBXBuildFile; fileRef = 862672E41EFE47010062B52B /* XFMBProgressHUD.swift */; };
		862672E71EFE47AE0062B52B /* XFUser.swift in Sources */ = {isa = PBXBuildFile; fileRef = 862672E61EFE47AE0062B52B /* XFUser.swift */; };
		862672EB1EFE480B0062B52B /* XFProduct.swift in Sources */ = {isa = PBXBuildFile; fileRef = 862672EA1EFE480B0062B52B /* XFProduct.swift */; };
		862672ED1EFE48420062B52B /* XFNetworking.swift in Sources */ = {isa = PBXBuildFile; fileRef = 862672EC1EFE48420062B52B /* XFNetworking.swift */; };
		862672F11EFE48A20062B52B /* XFHomeViewController.swift in Sources */ = {isa = PBXBuildFile; fileRef = 862672F01EFE48A20062B52B /* XFHomeViewController.swift */; };
		862672F31EFE492D0062B52B /* XFViewPager.swift in Sources */ = {isa = PBXBuildFile; fileRef = 862672F21EFE492D0062B52B /* XFViewPager.swift */; };
		862672F51EFE49550062B52B /* XFBaseViewController.swift in Sources */ = {isa = PBXBuildFile; fileRef = 862672F41EFE49550062B52B /* XFBaseViewController.swift */; };
		862672F71EFE497D0062B52B /* XFBaseSubViewController.swift in Sources */ = {isa = PBXBuildFile; fileRef = 862672F61EFE497D0062B52B /* XFBaseSubViewController.swift */; };
		862672F91EFE499D0062B52B /* XFNavigationController.swift in Sources */ = {isa = PBXBuildFile; fileRef = 862672F81EFE499D0062B52B /* XFNavigationController.swift */; };
		862672FB1EFE4F3A0062B52B /* XFVerifyImage.swift in Sources */ = {isa = PBXBuildFile; fileRef = 862672FA1EFE4F3A0062B52B /* XFVerifyImage.swift */; };
		862848531F483DD400CA52B6 /* XFAddressService.swift in Sources */ = {isa = PBXBuildFile; fileRef = 862848521F483DD400CA52B6 /* XFAddressService.swift */; };
		862AF70B1F0926A700409CCB /* XFComment.swift in Sources */ = {isa = PBXBuildFile; fileRef = 862AF70A1F0926A700409CCB /* XFComment.swift */; };
		862AF70D1F09271F00409CCB /* XFUserGlobal.swift in Sources */ = {isa = PBXBuildFile; fileRef = 862AF70C1F09271E00409CCB /* XFUserGlobal.swift */; };
		862C59EF1EA3677100C2323D /* XFConstants.swift in Sources */ = {isa = PBXBuildFile; fileRef = 862C59EE1EA3677100C2323D /* XFConstants.swift */; };
		8630B31D1EF7BC86002F5B5C /* XFSQLiteDataSource.swift in Sources */ = {isa = PBXBuildFile; fileRef = 8630B31C1EF7BC86002F5B5C /* XFSQLiteDataSource.swift */; };
		8630B31F1EF7BCB1002F5B5C /* XFCartDataHelper.swift in Sources */ = {isa = PBXBuildFile; fileRef = 8630B31E1EF7BCB1002F5B5C /* XFCartDataHelper.swift */; };
		863983721F85E5BE0035F0FD /* XFUserCollectionViewController.swift in Sources */ = {isa = PBXBuildFile; fileRef = 863983711F85E5BE0035F0FD /* XFUserCollectionViewController.swift */; };
		863983741F85E5E80035F0FD /* XFUserScoreViewController.swift in Sources */ = {isa = PBXBuildFile; fileRef = 863983731F85E5E80035F0FD /* XFUserScoreViewController.swift */; };
		864CD7C01F80934A00E8B6FA /* XFSeperatorView.swift in Sources */ = {isa = PBXBuildFile; fileRef = 864CD7BF1F80934A00E8B6FA /* XFSeperatorView.swift */; };
		865235C61F1AFD5A005897C3 /* XFShopCartEmptyView.swift in Sources */ = {isa = PBXBuildFile; fileRef = 865235C51F1AFD5A005897C3 /* XFShopCartEmptyView.swift */; };
		865465191FC321A60007FAC6 /* XFNavMenuViewController.swift in Sources */ = {isa = PBXBuildFile; fileRef = 865465181FC321A60007FAC6 /* XFNavMenuViewController.swift */; };
		865AA5B81EAB9E9500E94312 /* XFEnum.swift in Sources */ = {isa = PBXBuildFile; fileRef = 865AA5B71EAB9E9500E94312 /* XFEnum.swift */; };
		865AA5C01EABA14C00E94312 /* XFUIFuncDefines.swift in Sources */ = {isa = PBXBuildFile; fileRef = 865AA5BF1EABA14C00E94312 /* XFUIFuncDefines.swift */; };
		865F4F471E9A173E0059502C /* AppDelegate.swift in Sources */ = {isa = PBXBuildFile; fileRef = 865F4F461E9A173E0059502C /* AppDelegate.swift */; };
		8660D99F1F447AF800D98C18 /* XFOrderSerivice.swift in Sources */ = {isa = PBXBuildFile; fileRef = 8660D99E1F447AF800D98C18 /* XFOrderSerivice.swift */; };
		86658BC31F5088EF00817B2C /* XFAppGuideViewController.swift in Sources */ = {isa = PBXBuildFile; fileRef = 86658BC21F5088EF00817B2C /* XFAppGuideViewController.swift */; };
		868613261EACCCE400A44338 /* XFImageExtension.swift in Sources */ = {isa = PBXBuildFile; fileRef = 868613251EACCCE400A44338 /* XFImageExtension.swift */; };
		8690FEDB1ED177B80051A16D /* XFCategoryHeadSizer.swift in Sources */ = {isa = PBXBuildFile; fileRef = 8690FEDA1ED177B80051A16D /* XFCategoryHeadSizer.swift */; };
		8690FEDD1ED178120051A16D /* XFCategoryCell.swift in Sources */ = {isa = PBXBuildFile; fileRef = 8690FEDC1ED178120051A16D /* XFCategoryCell.swift */; };
		8690FEDF1ED178900051A16D /* XFShopCartViewCell.swift in Sources */ = {isa = PBXBuildFile; fileRef = 8690FEDE1ED178900051A16D /* XFShopCartViewCell.swift */; };
		8690FEE11ED178AF0051A16D /* XFShopCartActionBar.swift in Sources */ = {isa = PBXBuildFile; fileRef = 8690FEE01ED178AF0051A16D /* XFShopCartActionBar.swift */; };
		8690FEE31ED179560051A16D /* XFAllCategoryListViewController.swift in Sources */ = {isa = PBXBuildFile; fileRef = 8690FEE21ED179560051A16D /* XFAllCategoryListViewController.swift */; };
		8690FF321ED538E90051A16D /* SQLite.framework in Frameworks */ = {isa = PBXBuildFile; fileRef = 8690FF2E1ED538E90051A16D /* SQLite.framework */; };
		8692FCD41F41EDBC00CD3F72 /* XFPayResponse.swift in Sources */ = {isa = PBXBuildFile; fileRef = 8692FCD31F41EDBC00CD3F72 /* XFPayResponse.swift */; };
		8692FCD61F42029A00CD3F72 /* XFPayResultViewController.swift in Sources */ = {isa = PBXBuildFile; fileRef = 8692FCD51F42029A00CD3F72 /* XFPayResultViewController.swift */; };
		869FBE9A1F70E5F50047A8B7 /* XFCouponListViewController.swift in Sources */ = {isa = PBXBuildFile; fileRef = 869FBE991F70E5F50047A8B7 /* XFCouponListViewController.swift */; };
		86A45C561ED1106D00772D13 /* libsqlite3.tbd in Frameworks */ = {isa = PBXBuildFile; fileRef = 86A45C551ED1106D00772D13 /* libsqlite3.tbd */; };
		86A45C581ED1108500772D13 /* libicucore.tbd in Frameworks */ = {isa = PBXBuildFile; fileRef = 86A45C571ED1108500772D13 /* libicucore.tbd */; };
		86A45C5A1ED1109100772D13 /* libstdc++.tbd in Frameworks */ = {isa = PBXBuildFile; fileRef = 86A45C591ED1109100772D13 /* libstdc++.tbd */; };
		86A45C601ED110AB00772D13 /* CFNetwork.framework in Frameworks */ = {isa = PBXBuildFile; fileRef = 86A45C5F1ED110AB00772D13 /* CFNetwork.framework */; };
		86A45C621ED110B500772D13 /* Security.framework in Frameworks */ = {isa = PBXBuildFile; fileRef = 86A45C611ED110B500772D13 /* Security.framework */; };
		86A45C661ED1184E00772D13 /* AssetsLibrary.framework in Frameworks */ = {isa = PBXBuildFile; fileRef = 86A45C651ED1184E00772D13 /* AssetsLibrary.framework */; };
		86A45C681ED1186100772D13 /* Photos.framework in Frameworks */ = {isa = PBXBuildFile; fileRef = 86A45C671ED1186100772D13 /* Photos.framework */; settings = {ATTRIBUTES = (Required, ); }; };
		86A45C6A1ED1186A00772D13 /* PhotosUI.framework in Frameworks */ = {isa = PBXBuildFile; fileRef = 86A45C691ED1186A00772D13 /* PhotosUI.framework */; settings = {ATTRIBUTES = (Required, ); }; };
		86A45C6C1ED1187D00772D13 /* libz.tbd in Frameworks */ = {isa = PBXBuildFile; fileRef = 86A45C6B1ED1187D00772D13 /* libz.tbd */; };
		86A45C721ED1209F00772D13 /* XFCommonUtils.swift in Sources */ = {isa = PBXBuildFile; fileRef = 86A45C711ED1209F00772D13 /* XFCommonUtils.swift */; };
		86A4DB501FB715690015EF92 /* XFAddressListViewController.swift in Sources */ = {isa = PBXBuildFile; fileRef = 86A4DB4F1FB715690015EF92 /* XFAddressListViewController.swift */; };
		86A4DB521FB7157E0015EF92 /* XFAddressManageViewController.swift in Sources */ = {isa = PBXBuildFile; fileRef = 86A4DB511FB7157E0015EF92 /* XFAddressManageViewController.swift */; };
		86A4DB541FB728B90015EF92 /* XFRowInputView.swift in Sources */ = {isa = PBXBuildFile; fileRef = 86A4DB531FB728B90015EF92 /* XFRowInputView.swift */; };
		86A4DB561FB72CEB0015EF92 /* XFStringExtension.swift in Sources */ = {isa = PBXBuildFile; fileRef = 86A4DB551FB72CEB0015EF92 /* XFStringExtension.swift */; };
		86A4DB581FB750200015EF92 /* XFAddressItem.swift in Sources */ = {isa = PBXBuildFile; fileRef = 86A4DB571FB750200015EF92 /* XFAddressItem.swift */; };
		86ADDCD51F2AEBCE00881CFA /* XFDataGlobal.swift in Sources */ = {isa = PBXBuildFile; fileRef = 86ADDCD41F2AEBCE00881CFA /* XFDataGlobal.swift */; };
		86ADDCD71F2B466C00881CFA /* XFSearchBar.swift in Sources */ = {isa = PBXBuildFile; fileRef = 86ADDCD61F2B466C00881CFA /* XFSearchBar.swift */; };
		86ADDCD91F2B64CF00881CFA /* XFCheckoutAddress.swift in Sources */ = {isa = PBXBuildFile; fileRef = 86ADDCD81F2B64CF00881CFA /* XFCheckoutAddress.swift */; };
		86ADDCDB1F2B656700881CFA /* XFCheckoutInfo.swift in Sources */ = {isa = PBXBuildFile; fileRef = 86ADDCDA1F2B656700881CFA /* XFCheckoutInfo.swift */; };
		86ADDCDD1F2B7C5C00881CFA /* XFDescriptionItem.swift in Sources */ = {isa = PBXBuildFile; fileRef = 86ADDCDC1F2B7C5C00881CFA /* XFDescriptionItem.swift */; };
		86ADDCDF1F2DD7C100881CFA /* XFOrderConfirm.swift in Sources */ = {isa = PBXBuildFile; fileRef = 86ADDCDE1F2DD7C100881CFA /* XFOrderConfirm.swift */; };
		86ADDCE11F2DD88500881CFA /* XFCouponItem.swift in Sources */ = {isa = PBXBuildFile; fileRef = 86ADDCE01F2DD88500881CFA /* XFCouponItem.swift */; };
		86BA081C1FC29CB300AACC6E /* XFCardStockViewController.swift in Sources */ = {isa = PBXBuildFile; fileRef = 86BA081B1FC29CB300AACC6E /* XFCardStockViewController.swift */; };
		86BB9A871F1D2B1E00B46EBC /* XFCheckoutViewController.swift in Sources */ = {isa = PBXBuildFile; fileRef = 86BB9A861F1D2B1E00B46EBC /* XFCheckoutViewController.swift */; };
		86BF01891FBAD02F006C66E2 /* Assets.xcassets in Resources */ = {isa = PBXBuildFile; fileRef = 865F4F4D1E9A173E0059502C /* Assets.xcassets */; };
		86CB2FED1EAB495A009972A8 /* Alamofire.framework in Frameworks */ = {isa = PBXBuildFile; fileRef = 86CB2FE61EAB495A009972A8 /* Alamofire.framework */; };
		86CB2FEF1EAB495A009972A8 /* Kingfisher.framework in Frameworks */ = {isa = PBXBuildFile; fileRef = 86CB2FE81EAB495A009972A8 /* Kingfisher.framework */; };
		86CB2FF01EAB495A009972A8 /* MBProgressHUD.framework in Frameworks */ = {isa = PBXBuildFile; fileRef = 86CB2FE91EAB495A009972A8 /* MBProgressHUD.framework */; };
		86CB2FF21EAB495A009972A8 /* SnapKit.framework in Frameworks */ = {isa = PBXBuildFile; fileRef = 86CB2FEB1EAB495A009972A8 /* SnapKit.framework */; };
		86CB2FF31EAB495A009972A8 /* SwiftyJSON.framework in Frameworks */ = {isa = PBXBuildFile; fileRef = 86CB2FEC1EAB495A009972A8 /* SwiftyJSON.framework */; };
		86D18BA51F1E5731007643C0 /* XFCheckoutGoodsCell.swift in Sources */ = {isa = PBXBuildFile; fileRef = 86D18BA41F1E5731007643C0 /* XFCheckoutGoodsCell.swift */; };
		86D18BA71F1E5843007643C0 /* XFCheckoutActionBar.swift in Sources */ = {isa = PBXBuildFile; fileRef = 86D18BA61F1E5843007643C0 /* XFCheckoutActionBar.swift */; };
		86D432631F72BB900024F99D /* XFCouponService.swift in Sources */ = {isa = PBXBuildFile; fileRef = 86D432621F72BB900024F99D /* XFCouponService.swift */; };
		86E695201ED6AA35004864A6 /* XFCartUtils.swift in Sources */ = {isa = PBXBuildFile; fileRef = 86E6951F1ED6AA35004864A6 /* XFCartUtils.swift */; };
		86E8DF741EDAB0BB000A489F /* XFDetailHeaderView.swift in Sources */ = {isa = PBXBuildFile; fileRef = 86E8DF731EDAB0BB000A489F /* XFDetailHeaderView.swift */; };
		86E8DF761EDAB0C9000A489F /* XFDetailCommentView.swift in Sources */ = {isa = PBXBuildFile; fileRef = 86E8DF751EDAB0C9000A489F /* XFDetailCommentView.swift */; };
		86E8DF781EDAB0D6000A489F /* XFDetailDescriptionView.swift in Sources */ = {isa = PBXBuildFile; fileRef = 86E8DF771EDAB0D6000A489F /* XFDetailDescriptionView.swift */; };
		86E8DF7A1EDAB0EC000A489F /* XFDetailActionBarView.swift in Sources */ = {isa = PBXBuildFile; fileRef = 86E8DF791EDAB0EC000A489F /* XFDetailActionBarView.swift */; };
		86E8DF7E1EDBCC90000A489F /* XFButtonExtension.swift in Sources */ = {isa = PBXBuildFile; fileRef = 86E8DF7D1EDBCC90000A489F /* XFButtonExtension.swift */; };
		86E8DF811EDC0EAB000A489F /* XFCommentItemView.swift in Sources */ = {isa = PBXBuildFile; fileRef = 86E8DF801EDC0EAB000A489F /* XFCommentItemView.swift */; };
		86EC80F61EC86C34009AB47D /* FourBillCollectionViewCell.swift in Sources */ = {isa = PBXBuildFile; fileRef = 86EC80F31EC86C34009AB47D /* FourBillCollectionViewCell.swift */; };
		86EC80F71EC86C34009AB47D /* MyBillTableViewCell.swift in Sources */ = {isa = PBXBuildFile; fileRef = 86EC80F41EC86C34009AB47D /* MyBillTableViewCell.swift */; };
		86EC80F81EC86C34009AB47D /* UserCenterAvatarCell.swift in Sources */ = {isa = PBXBuildFile; fileRef = 86EC80F51EC86C34009AB47D /* UserCenterAvatarCell.swift */; };
		86F894B51FC1D2C500AE1C93 /* libQYSDK.a in Frameworks */ = {isa = PBXBuildFile; fileRef = 86F8949D1FC1D2C500AE1C93 /* libQYSDK.a */; };
		86F894B61FC1D2C500AE1C93 /* libcrypto.a in Frameworks */ = {isa = PBXBuildFile; fileRef = 86F8949E1FC1D2C500AE1C93 /* libcrypto.a */; };
		86F894B71FC1D2C500AE1C93 /* libevent.a in Frameworks */ = {isa = PBXBuildFile; fileRef = 86F894B31FC1D2C500AE1C93 /* libevent.a */; };
		86F894B81FC1D2C500AE1C93 /* QYResource.bundle in Resources */ = {isa = PBXBuildFile; fileRef = 86F894B41FC1D2C500AE1C93 /* QYResource.bundle */; };
		86F894BA1FC1D35800AE1C93 /* CoreText.framework in Frameworks */ = {isa = PBXBuildFile; fileRef = 86F894B91FC1D34500AE1C93 /* CoreText.framework */; };
		86F894BC1FC1D36D00AE1C93 /* MobileCoreServices.framework in Frameworks */ = {isa = PBXBuildFile; fileRef = 86F894BB1FC1D36200AE1C93 /* MobileCoreServices.framework */; };
		86F894BE1FC1D38500AE1C93 /* AVFoundation.framework in Frameworks */ = {isa = PBXBuildFile; fileRef = 86F894BD1FC1D37E00AE1C93 /* AVFoundation.framework */; };
		86F894C01FC1D3AE00AE1C93 /* CoreMedia.framework in Frameworks */ = {isa = PBXBuildFile; fileRef = 86F894BF1FC1D3A800AE1C93 /* CoreMedia.framework */; };
		86F894C21FC1D3C800AE1C93 /* AudioToolbox.framework in Frameworks */ = {isa = PBXBuildFile; fileRef = 86F894C11FC1D3C300AE1C93 /* AudioToolbox.framework */; };
		86F894C41FC1D41400AE1C93 /* libxml2.tbd in Frameworks */ = {isa = PBXBuildFile; fileRef = 86F894C31FC1D41400AE1C93 /* libxml2.tbd */; };
		86F894C61FC1D47A00AE1C93 /* libstdc++.6.0.9.tbd in Frameworks */ = {isa = PBXBuildFile; fileRef = 86F894C51FC1D47A00AE1C93 /* libstdc++.6.0.9.tbd */; };
		86FFA4121F487A5600FCC809 /* XFOrder.swift in Sources */ = {isa = PBXBuildFile; fileRef = 86FFA4111F487A5600FCC809 /* XFOrder.swift */; };
		86FFA4141F487DF800FCC809 /* XFExpress.swift in Sources */ = {isa = PBXBuildFile; fileRef = 86FFA4131F487DF800FCC809 /* XFExpress.swift */; };
		86FFA4161F487F4100FCC809 /* XFNewsInfoService.swift in Sources */ = {isa = PBXBuildFile; fileRef = 86FFA4151F487F4100FCC809 /* XFNewsInfoService.swift */; };
		86FFA41B1F488DEA00FCC809 /* XFWebViewController.swift in Sources */ = {isa = PBXBuildFile; fileRef = 86FFA41A1F488D5200FCC809 /* XFWebViewController.swift */; };
		86FFA4241F48986F00FCC809 /* XFUserLoginViewController.swift in Sources */ = {isa = PBXBuildFile; fileRef = 86FFA41F1F48981F00FCC809 /* XFUserLoginViewController.swift */; };
		86FFA4251F48986F00FCC809 /* XFUserRegistSecondPageViewController.swift in Sources */ = {isa = PBXBuildFile; fileRef = 86FFA4201F48981F00FCC809 /* XFUserRegistSecondPageViewController.swift */; };
		86FFA4261F48986F00FCC809 /* XFUserRegistViewController.swift in Sources */ = {isa = PBXBuildFile; fileRef = 86FFA4211F48981F00FCC809 /* XFUserRegistViewController.swift */; };
		86FFA4281F4898D400FCC809 /* XFOrderListViewController.swift in Sources */ = {isa = PBXBuildFile; fileRef = 86FFA4271F4898D400FCC809 /* XFOrderListViewController.swift */; };
		86FFA42A1F4898FA00FCC809 /* XFOrderDetailViewController.swift in Sources */ = {isa = PBXBuildFile; fileRef = 86FFA4291F4898FA00FCC809 /* XFOrderDetailViewController.swift */; };
		86FFA42C1F48991800FCC809 /* XFExpressViewController.swift in Sources */ = {isa = PBXBuildFile; fileRef = 86FFA42B1F48991800FCC809 /* XFExpressViewController.swift */; };
		86FFA42E1F48995700FCC809 /* XFSettingsViewController.swift in Sources */ = {isa = PBXBuildFile; fileRef = 86FFA42D1F48995700FCC809 /* XFSettingsViewController.swift */; };
		86FFA4301F48999800FCC809 /* XFUserInfoViewController.swift in Sources */ = {isa = PBXBuildFile; fileRef = 86FFA42F1F48999800FCC809 /* XFUserInfoViewController.swift */; };
		86FFA4321F494A4A00FCC809 /* XFOrderListItem.swift in Sources */ = {isa = PBXBuildFile; fileRef = 86FFA4311F494A4A00FCC809 /* XFOrderListItem.swift */; };
		86FFA4341F49C3BF00FCC809 /* XFOrderDetailAddressCell.swift in Sources */ = {isa = PBXBuildFile; fileRef = 86FFA4331F49C3BF00FCC809 /* XFOrderDetailAddressCell.swift */; };
		86FFA4361F49C67500FCC809 /* XFOrderDetailGoodsCell.swift in Sources */ = {isa = PBXBuildFile; fileRef = 86FFA4351F49C67500FCC809 /* XFOrderDetailGoodsCell.swift */; };
		86FFA4381F49CAB200FCC809 /* XFOrderDetailHeaderCell.swift in Sources */ = {isa = PBXBuildFile; fileRef = 86FFA4371F49CAB200FCC809 /* XFOrderDetailHeaderCell.swift */; };
		86FFA43C1F49DCEF00FCC809 /* XFIndex.swift in Sources */ = {isa = PBXBuildFile; fileRef = 86FFA43B1F49DCD100FCC809 /* XFIndex.swift */; };
		86FFA43E1F49DD5100FCC809 /* XFIndexArticleViewCell.swift in Sources */ = {isa = PBXBuildFile; fileRef = 86FFA43D1F49DD5100FCC809 /* XFIndexArticleViewCell.swift */; };
/* End PBXBuildFile section */

/* Begin PBXCopyFilesBuildPhase section */
		165D22491F6ACE0B00B760A3 /* Embed Frameworks */ = {
			isa = PBXCopyFilesBuildPhase;
			buildActionMask = 2147483647;
			dstPath = "";
			dstSubfolderSpec = 10;
			files = (
			);
			name = "Embed Frameworks";
			runOnlyForDeploymentPostprocessing = 0;
		};
/* End PBXCopyFilesBuildPhase section */

/* Begin PBXFileReference section */
		1613F7881FBC1DE50033E42F /* XFAddToCartAnimationTool.swift */ = {isa = PBXFileReference; lastKnownFileType = sourcecode.swift; path = XFAddToCartAnimationTool.swift; sourceTree = "<group>"; };
		16200CEE1F1B169C0008C039 /* XFAddress.swift */ = {isa = PBXFileReference; fileEncoding = 4; lastKnownFileType = sourcecode.swift; path = XFAddress.swift; sourceTree = "<group>"; };
		16200CF41F1B7F200008C039 /* XFAvailableAddressUtils.swift */ = {isa = PBXFileReference; fileEncoding = 4; lastKnownFileType = sourcecode.swift; path = XFAvailableAddressUtils.swift; sourceTree = "<group>"; };
		1632FE4A1FC6D73D00186A8F /* XFCollectionService.swift */ = {isa = PBXFileReference; fileEncoding = 4; lastKnownFileType = sourcecode.swift; path = XFCollectionService.swift; sourceTree = "<group>"; };
		1632FE4C1FC6E27500186A8F /* XFCollection.swift */ = {isa = PBXFileReference; fileEncoding = 4; lastKnownFileType = sourcecode.swift; path = XFCollection.swift; sourceTree = "<group>"; };
		1632FE4E1FC7075B00186A8F /* XFCollectionListCell.swift */ = {isa = PBXFileReference; lastKnownFileType = sourcecode.swift; path = XFCollectionListCell.swift; sourceTree = "<group>"; };
		1641E76B1F35F96F0093DADF /* XFCityChooseView.swift */ = {isa = PBXFileReference; lastKnownFileType = sourcecode.swift; path = XFCityChooseView.swift; sourceTree = "<group>"; };
		1641E76D1F3609EC0093DADF /* XFAlert.swift */ = {isa = PBXFileReference; lastKnownFileType = sourcecode.swift; path = XFAlert.swift; sourceTree = "<group>"; };
		165608D61EDACA6000D325D4 /* XFTPayModeableViewCell.swift */ = {isa = PBXFileReference; fileEncoding = 4; lastKnownFileType = sourcecode.swift; path = XFTPayModeableViewCell.swift; sourceTree = "<group>"; };
		165608DA1EDACA6900D325D4 /* XFChoosePayWayViewController.swift */ = {isa = PBXFileReference; fileEncoding = 4; lastKnownFileType = sourcecode.swift; path = XFChoosePayWayViewController.swift; sourceTree = "<group>"; };
		16582DC21EE4F8D400A58846 /* XFEditMyAddressView.swift */ = {isa = PBXFileReference; fileEncoding = 4; lastKnownFileType = sourcecode.swift; path = XFEditMyAddressView.swift; sourceTree = "<group>"; };
		1660E8A21FC2B819008F5669 /* XLVideoPlayer.m */ = {isa = PBXFileReference; fileEncoding = 4; lastKnownFileType = sourcecode.c.objc; path = XLVideoPlayer.m; sourceTree = "<group>"; };
		1660E8A41FC2B819008F5669 /* XLSlider.h */ = {isa = PBXFileReference; fileEncoding = 4; lastKnownFileType = sourcecode.c.h; path = XLSlider.h; sourceTree = "<group>"; };
		1660E8A51FC2B819008F5669 /* XLSlider.m */ = {isa = PBXFileReference; fileEncoding = 4; lastKnownFileType = sourcecode.c.objc; path = XLSlider.m; sourceTree = "<group>"; };
		1660E8A71FC2B819008F5669 /* XLVideoPlayer.h */ = {isa = PBXFileReference; fileEncoding = 4; lastKnownFileType = sourcecode.c.h; path = XLVideoPlayer.h; sourceTree = "<group>"; };
		16701C111F6EB431007E2CEA /* XFExpandImage.swift */ = {isa = PBXFileReference; fileEncoding = 4; lastKnownFileType = sourcecode.swift; path = XFExpandImage.swift; sourceTree = "<group>"; };
		169FAF8E1F6A5BE800CB358C /* XFUserInfoView.swift */ = {isa = PBXFileReference; lastKnownFileType = sourcecode.swift; path = XFUserInfoView.swift; sourceTree = "<group>"; };
		16C9FD991F6C1FEA00A138E6 /* UIAlertExtension.swift */ = {isa = PBXFileReference; fileEncoding = 4; lastKnownFileType = sourcecode.swift; path = UIAlertExtension.swift; sourceTree = "<group>"; };
		16C9FD9B1F6C29A400A138E6 /* DVActionSheetVC.swift */ = {isa = PBXFileReference; fileEncoding = 4; lastKnownFileType = sourcecode.swift; path = DVActionSheetVC.swift; sourceTree = "<group>"; };
		16C9FD9D1F6D513400A138E6 /* XFChangePwdViewController.swift */ = {isa = PBXFileReference; fileEncoding = 4; lastKnownFileType = sourcecode.swift; path = XFChangePwdViewController.swift; sourceTree = "<group>"; };
		16C9FDA31F6E7EF700A138E6 /* XFUserInfoService.swift */ = {isa = PBXFileReference; fileEncoding = 4; lastKnownFileType = sourcecode.swift; path = XFUserInfoService.swift; sourceTree = "<group>"; };
		860A32AA1F860E2500301883 /* ESPullToRefresh.framework */ = {isa = PBXFileReference; lastKnownFileType = wrapper.framework; name = ESPullToRefresh.framework; path = Carthage/Build/iOS/ESPullToRefresh.framework; sourceTree = "<group>"; };
		860A32AC1F861E7100301883 /* XFRefreshAnimator.swift */ = {isa = PBXFileReference; lastKnownFileType = sourcecode.swift; path = XFRefreshAnimator.swift; sourceTree = "<group>"; };
		860A43021EE415FF00798678 /* HandyJSON.framework */ = {isa = PBXFileReference; lastKnownFileType = wrapper.framework; name = HandyJSON.framework; path = Carthage/Build/iOS/HandyJSON.framework; sourceTree = "<group>"; };
		860A43041EE4178000798678 /* XFBaseResponse.swift */ = {isa = PBXFileReference; fileEncoding = 4; lastKnownFileType = sourcecode.swift; path = XFBaseResponse.swift; sourceTree = "<group>"; };
		860C9E551F7293BE00AF3CB7 /* XFCouponItemCellView.swift */ = {isa = PBXFileReference; lastKnownFileType = sourcecode.swift; path = XFCouponItemCellView.swift; sourceTree = "<group>"; };
		8616F7EC1F654C03007A4669 /* XFAuthService.swift */ = {isa = PBXFileReference; fileEncoding = 4; lastKnownFileType = sourcecode.swift; path = XFAuthService.swift; sourceTree = "<group>"; };
		8616F7EE1F654CB8007A4669 /* XFProductService.swift */ = {isa = PBXFileReference; fileEncoding = 4; lastKnownFileType = sourcecode.swift; path = XFProductService.swift; sourceTree = "<group>"; };
		8618BA2B1F3F963300AC9436 /* XFPayTimerCountDownViewCell.swift */ = {isa = PBXFileReference; lastKnownFileType = sourcecode.swift; path = XFPayTimerCountDownViewCell.swift; sourceTree = "<group>"; };
		8618BA321F40274300AC9436 /* libWeChatSDK.a */ = {isa = PBXFileReference; lastKnownFileType = archive.ar; path = libWeChatSDK.a; sourceTree = "<group>"; };
		8618BA331F40274300AC9436 /* README.txt */ = {isa = PBXFileReference; lastKnownFileType = text; path = README.txt; sourceTree = "<group>"; };
		8618BA341F40274300AC9436 /* WechatAuthSDK.h */ = {isa = PBXFileReference; lastKnownFileType = sourcecode.c.h; path = WechatAuthSDK.h; sourceTree = "<group>"; };
		8618BA351F40274300AC9436 /* WXApi.h */ = {isa = PBXFileReference; lastKnownFileType = sourcecode.c.h; path = WXApi.h; sourceTree = "<group>"; };
		8618BA361F40274300AC9436 /* WXApiObject.h */ = {isa = PBXFileReference; lastKnownFileType = sourcecode.c.h; path = WXApiObject.h; sourceTree = "<group>"; };
		8618BA371F4027AA00AC9436 /* SystemConfiguration.framework */ = {isa = PBXFileReference; lastKnownFileType = wrapper.framework; name = SystemConfiguration.framework; path = System/Library/Frameworks/SystemConfiguration.framework; sourceTree = SDKROOT; };
		8618BA391F4027D700AC9436 /* libc++.tbd */ = {isa = PBXFileReference; lastKnownFileType = "sourcecode.text-based-dylib-definition"; name = "libc++.tbd"; path = "usr/lib/libc++.tbd"; sourceTree = SDKROOT; };
		8618BA3A1F4027ED00AC9436 /* CoreTelephony.framework */ = {isa = PBXFileReference; lastKnownFileType = wrapper.framework; name = CoreTelephony.framework; path = System/Library/Frameworks/CoreTelephony.framework; sourceTree = SDKROOT; };
		8618BA3E1F4029F000AC9436 /* AlipaySDK.bundle */ = {isa = PBXFileReference; lastKnownFileType = "wrapper.plug-in"; path = AlipaySDK.bundle; sourceTree = "<group>"; };
		8618BA3F1F4029F000AC9436 /* AlipaySDK.framework */ = {isa = PBXFileReference; lastKnownFileType = wrapper.framework; path = AlipaySDK.framework; sourceTree = "<group>"; };
		8618BA431F40366800AC9436 /* CoreMotion.framework */ = {isa = PBXFileReference; lastKnownFileType = wrapper.framework; name = CoreMotion.framework; path = System/Library/Frameworks/CoreMotion.framework; sourceTree = SDKROOT; };
		8624CC3B1F4DE5D90008C8D3 /* XFAboutCompanyViewController.swift */ = {isa = PBXFileReference; lastKnownFileType = sourcecode.swift; path = XFAboutCompanyViewController.swift; sourceTree = "<group>"; };
		862672CC1EFE42B50062B52B /* XFCategoryViewController.swift */ = {isa = PBXFileReference; fileEncoding = 4; lastKnownFileType = sourcecode.swift; path = XFCategoryViewController.swift; sourceTree = "<group>"; };
		862672CE1EFE42EF0062B52B /* XFDetailViewController.swift */ = {isa = PBXFileReference; fileEncoding = 4; lastKnownFileType = sourcecode.swift; path = XFDetailViewController.swift; sourceTree = "<group>"; };
		862672D01EFE432C0062B52B /* XFIndexViewController.swift */ = {isa = PBXFileReference; fileEncoding = 4; lastKnownFileType = sourcecode.swift; path = XFIndexViewController.swift; sourceTree = "<group>"; };
		862672D21EFE43680062B52B /* XFShopCarViewController.swift */ = {isa = PBXFileReference; fileEncoding = 4; lastKnownFileType = sourcecode.swift; path = XFShopCarViewController.swift; sourceTree = "<group>"; };
		862672DA1EFE44490062B52B /* XFUserCenterViewController.swift */ = {isa = PBXFileReference; fileEncoding = 4; lastKnownFileType = sourcecode.swift; path = XFUserCenterViewController.swift; sourceTree = "<group>"; };
		862672E41EFE47010062B52B /* XFMBProgressHUD.swift */ = {isa = PBXFileReference; fileEncoding = 4; lastKnownFileType = sourcecode.swift; path = XFMBProgressHUD.swift; sourceTree = "<group>"; };
		862672E61EFE47AE0062B52B /* XFUser.swift */ = {isa = PBXFileReference; fileEncoding = 4; lastKnownFileType = sourcecode.swift; path = XFUser.swift; sourceTree = "<group>"; };
		862672EA1EFE480B0062B52B /* XFProduct.swift */ = {isa = PBXFileReference; fileEncoding = 4; lastKnownFileType = sourcecode.swift; path = XFProduct.swift; sourceTree = "<group>"; };
		862672EC1EFE48420062B52B /* XFNetworking.swift */ = {isa = PBXFileReference; fileEncoding = 4; lastKnownFileType = sourcecode.swift; path = XFNetworking.swift; sourceTree = "<group>"; };
		862672F01EFE48A20062B52B /* XFHomeViewController.swift */ = {isa = PBXFileReference; fileEncoding = 4; lastKnownFileType = sourcecode.swift; path = XFHomeViewController.swift; sourceTree = "<group>"; };
		862672F21EFE492D0062B52B /* XFViewPager.swift */ = {isa = PBXFileReference; fileEncoding = 4; lastKnownFileType = sourcecode.swift; path = XFViewPager.swift; sourceTree = "<group>"; };
		862672F41EFE49550062B52B /* XFBaseViewController.swift */ = {isa = PBXFileReference; fileEncoding = 4; lastKnownFileType = sourcecode.swift; path = XFBaseViewController.swift; sourceTree = "<group>"; };
		862672F61EFE497D0062B52B /* XFBaseSubViewController.swift */ = {isa = PBXFileReference; fileEncoding = 4; lastKnownFileType = sourcecode.swift; path = XFBaseSubViewController.swift; sourceTree = "<group>"; };
		862672F81EFE499D0062B52B /* XFNavigationController.swift */ = {isa = PBXFileReference; fileEncoding = 4; lastKnownFileType = sourcecode.swift; path = XFNavigationController.swift; sourceTree = "<group>"; };
		862672FA1EFE4F3A0062B52B /* XFVerifyImage.swift */ = {isa = PBXFileReference; fileEncoding = 4; lastKnownFileType = sourcecode.swift; path = XFVerifyImage.swift; sourceTree = "<group>"; };
		862848521F483DD400CA52B6 /* XFAddressService.swift */ = {isa = PBXFileReference; lastKnownFileType = sourcecode.swift; path = XFAddressService.swift; sourceTree = "<group>"; };
		862AF70A1F0926A700409CCB /* XFComment.swift */ = {isa = PBXFileReference; fileEncoding = 4; lastKnownFileType = sourcecode.swift; path = XFComment.swift; sourceTree = "<group>"; };
		862AF70C1F09271E00409CCB /* XFUserGlobal.swift */ = {isa = PBXFileReference; fileEncoding = 4; lastKnownFileType = sourcecode.swift; path = XFUserGlobal.swift; sourceTree = "<group>"; };
		862C59EE1EA3677100C2323D /* XFConstants.swift */ = {isa = PBXFileReference; fileEncoding = 4; lastKnownFileType = sourcecode.swift; path = XFConstants.swift; sourceTree = "<group>"; };
		8630B31C1EF7BC86002F5B5C /* XFSQLiteDataSource.swift */ = {isa = PBXFileReference; fileEncoding = 4; lastKnownFileType = sourcecode.swift; path = XFSQLiteDataSource.swift; sourceTree = "<group>"; };
		8630B31E1EF7BCB1002F5B5C /* XFCartDataHelper.swift */ = {isa = PBXFileReference; fileEncoding = 4; lastKnownFileType = sourcecode.swift; path = XFCartDataHelper.swift; sourceTree = "<group>"; };
		863983711F85E5BE0035F0FD /* XFUserCollectionViewController.swift */ = {isa = PBXFileReference; lastKnownFileType = sourcecode.swift; path = XFUserCollectionViewController.swift; sourceTree = "<group>"; };
		863983731F85E5E80035F0FD /* XFUserScoreViewController.swift */ = {isa = PBXFileReference; lastKnownFileType = sourcecode.swift; path = XFUserScoreViewController.swift; sourceTree = "<group>"; };
		864CD7BF1F80934A00E8B6FA /* XFSeperatorView.swift */ = {isa = PBXFileReference; lastKnownFileType = sourcecode.swift; path = XFSeperatorView.swift; sourceTree = "<group>"; };
		865235C51F1AFD5A005897C3 /* XFShopCartEmptyView.swift */ = {isa = PBXFileReference; fileEncoding = 4; lastKnownFileType = sourcecode.swift; path = XFShopCartEmptyView.swift; sourceTree = "<group>"; };
		865465181FC321A60007FAC6 /* XFNavMenuViewController.swift */ = {isa = PBXFileReference; lastKnownFileType = sourcecode.swift; path = XFNavMenuViewController.swift; sourceTree = "<group>"; };
		865AA5B71EAB9E9500E94312 /* XFEnum.swift */ = {isa = PBXFileReference; fileEncoding = 4; lastKnownFileType = sourcecode.swift; path = XFEnum.swift; sourceTree = "<group>"; };
		865AA5BF1EABA14C00E94312 /* XFUIFuncDefines.swift */ = {isa = PBXFileReference; fileEncoding = 4; lastKnownFileType = sourcecode.swift; path = XFUIFuncDefines.swift; sourceTree = "<group>"; };
		865F4F431E9A173E0059502C /* XFruits.app */ = {isa = PBXFileReference; explicitFileType = wrapper.application; includeInIndex = 0; path = XFruits.app; sourceTree = BUILT_PRODUCTS_DIR; };
		865F4F461E9A173E0059502C /* AppDelegate.swift */ = {isa = PBXFileReference; lastKnownFileType = sourcecode.swift; path = AppDelegate.swift; sourceTree = "<group>"; };
		865F4F4D1E9A173E0059502C /* Assets.xcassets */ = {isa = PBXFileReference; lastKnownFileType = folder.assetcatalog; path = Assets.xcassets; sourceTree = "<group>"; };
		865F4F521E9A173E0059502C /* Info.plist */ = {isa = PBXFileReference; lastKnownFileType = text.plist.xml; path = Info.plist; sourceTree = "<group>"; };
		8660D99E1F447AF800D98C18 /* XFOrderSerivice.swift */ = {isa = PBXFileReference; lastKnownFileType = sourcecode.swift; path = XFOrderSerivice.swift; sourceTree = "<group>"; };
		86658BC21F5088EF00817B2C /* XFAppGuideViewController.swift */ = {isa = PBXFileReference; lastKnownFileType = sourcecode.swift; path = XFAppGuideViewController.swift; sourceTree = "<group>"; };
		868613251EACCCE400A44338 /* XFImageExtension.swift */ = {isa = PBXFileReference; fileEncoding = 4; lastKnownFileType = sourcecode.swift; path = XFImageExtension.swift; sourceTree = "<group>"; };
		8690FEDA1ED177B80051A16D /* XFCategoryHeadSizer.swift */ = {isa = PBXFileReference; fileEncoding = 4; lastKnownFileType = sourcecode.swift; path = XFCategoryHeadSizer.swift; sourceTree = "<group>"; };
		8690FEDC1ED178120051A16D /* XFCategoryCell.swift */ = {isa = PBXFileReference; fileEncoding = 4; lastKnownFileType = sourcecode.swift; path = XFCategoryCell.swift; sourceTree = "<group>"; };
		8690FEDE1ED178900051A16D /* XFShopCartViewCell.swift */ = {isa = PBXFileReference; fileEncoding = 4; lastKnownFileType = sourcecode.swift; path = XFShopCartViewCell.swift; sourceTree = "<group>"; };
		8690FEE01ED178AF0051A16D /* XFShopCartActionBar.swift */ = {isa = PBXFileReference; fileEncoding = 4; lastKnownFileType = sourcecode.swift; path = XFShopCartActionBar.swift; sourceTree = "<group>"; };
		8690FEE21ED179560051A16D /* XFAllCategoryListViewController.swift */ = {isa = PBXFileReference; fileEncoding = 4; lastKnownFileType = sourcecode.swift; path = XFAllCategoryListViewController.swift; sourceTree = "<group>"; };
		8690FF2E1ED538E90051A16D /* SQLite.framework */ = {isa = PBXFileReference; lastKnownFileType = wrapper.framework; name = SQLite.framework; path = Carthage/Build/iOS/SQLite.framework; sourceTree = "<group>"; };
		8692FCD31F41EDBC00CD3F72 /* XFPayResponse.swift */ = {isa = PBXFileReference; lastKnownFileType = sourcecode.swift; path = XFPayResponse.swift; sourceTree = "<group>"; };
		8692FCD51F42029A00CD3F72 /* XFPayResultViewController.swift */ = {isa = PBXFileReference; lastKnownFileType = sourcecode.swift; path = XFPayResultViewController.swift; sourceTree = "<group>"; };
		869FBE991F70E5F50047A8B7 /* XFCouponListViewController.swift */ = {isa = PBXFileReference; fileEncoding = 4; lastKnownFileType = sourcecode.swift; path = XFCouponListViewController.swift; sourceTree = "<group>"; };
		86A45C2E1ECFD81D00772D13 /* XFruits-Bridging-Header.h */ = {isa = PBXFileReference; lastKnownFileType = sourcecode.c.h; path = "XFruits-Bridging-Header.h"; sourceTree = "<group>"; };
		86A45C551ED1106D00772D13 /* libsqlite3.tbd */ = {isa = PBXFileReference; lastKnownFileType = "sourcecode.text-based-dylib-definition"; name = libsqlite3.tbd; path = usr/lib/libsqlite3.tbd; sourceTree = SDKROOT; };
		86A45C571ED1108500772D13 /* libicucore.tbd */ = {isa = PBXFileReference; lastKnownFileType = "sourcecode.text-based-dylib-definition"; name = libicucore.tbd; path = usr/lib/libicucore.tbd; sourceTree = SDKROOT; };
		86A45C591ED1109100772D13 /* libstdc++.tbd */ = {isa = PBXFileReference; lastKnownFileType = "sourcecode.text-based-dylib-definition"; name = "libstdc++.tbd"; path = "usr/lib/libstdc++.tbd"; sourceTree = SDKROOT; };
		86A45C5F1ED110AB00772D13 /* CFNetwork.framework */ = {isa = PBXFileReference; lastKnownFileType = wrapper.framework; name = CFNetwork.framework; path = System/Library/Frameworks/CFNetwork.framework; sourceTree = SDKROOT; };
		86A45C611ED110B500772D13 /* Security.framework */ = {isa = PBXFileReference; lastKnownFileType = wrapper.framework; name = Security.framework; path = System/Library/Frameworks/Security.framework; sourceTree = SDKROOT; };
		86A45C651ED1184E00772D13 /* AssetsLibrary.framework */ = {isa = PBXFileReference; lastKnownFileType = wrapper.framework; name = AssetsLibrary.framework; path = System/Library/Frameworks/AssetsLibrary.framework; sourceTree = SDKROOT; };
		86A45C671ED1186100772D13 /* Photos.framework */ = {isa = PBXFileReference; lastKnownFileType = wrapper.framework; name = Photos.framework; path = System/Library/Frameworks/Photos.framework; sourceTree = SDKROOT; };
		86A45C691ED1186A00772D13 /* PhotosUI.framework */ = {isa = PBXFileReference; lastKnownFileType = wrapper.framework; name = PhotosUI.framework; path = System/Library/Frameworks/PhotosUI.framework; sourceTree = SDKROOT; };
		86A45C6B1ED1187D00772D13 /* libz.tbd */ = {isa = PBXFileReference; lastKnownFileType = "sourcecode.text-based-dylib-definition"; name = libz.tbd; path = usr/lib/libz.tbd; sourceTree = SDKROOT; };
		86A45C711ED1209F00772D13 /* XFCommonUtils.swift */ = {isa = PBXFileReference; fileEncoding = 4; lastKnownFileType = sourcecode.swift; path = XFCommonUtils.swift; sourceTree = "<group>"; };
		86A4DB4F1FB715690015EF92 /* XFAddressListViewController.swift */ = {isa = PBXFileReference; lastKnownFileType = sourcecode.swift; path = XFAddressListViewController.swift; sourceTree = "<group>"; };
		86A4DB511FB7157E0015EF92 /* XFAddressManageViewController.swift */ = {isa = PBXFileReference; lastKnownFileType = sourcecode.swift; path = XFAddressManageViewController.swift; sourceTree = "<group>"; };
		86A4DB531FB728B90015EF92 /* XFRowInputView.swift */ = {isa = PBXFileReference; lastKnownFileType = sourcecode.swift; path = XFRowInputView.swift; sourceTree = "<group>"; };
		86A4DB551FB72CEB0015EF92 /* XFStringExtension.swift */ = {isa = PBXFileReference; lastKnownFileType = sourcecode.swift; path = XFStringExtension.swift; sourceTree = "<group>"; };
		86A4DB571FB750200015EF92 /* XFAddressItem.swift */ = {isa = PBXFileReference; lastKnownFileType = sourcecode.swift; path = XFAddressItem.swift; sourceTree = "<group>"; };
		86ADDCD41F2AEBCE00881CFA /* XFDataGlobal.swift */ = {isa = PBXFileReference; lastKnownFileType = sourcecode.swift; path = XFDataGlobal.swift; sourceTree = "<group>"; };
		86ADDCD61F2B466C00881CFA /* XFSearchBar.swift */ = {isa = PBXFileReference; lastKnownFileType = sourcecode.swift; path = XFSearchBar.swift; sourceTree = "<group>"; };
		86ADDCD81F2B64CF00881CFA /* XFCheckoutAddress.swift */ = {isa = PBXFileReference; lastKnownFileType = sourcecode.swift; path = XFCheckoutAddress.swift; sourceTree = "<group>"; };
		86ADDCDA1F2B656700881CFA /* XFCheckoutInfo.swift */ = {isa = PBXFileReference; lastKnownFileType = sourcecode.swift; path = XFCheckoutInfo.swift; sourceTree = "<group>"; };
		86ADDCDC1F2B7C5C00881CFA /* XFDescriptionItem.swift */ = {isa = PBXFileReference; lastKnownFileType = sourcecode.swift; path = XFDescriptionItem.swift; sourceTree = "<group>"; };
		86ADDCDE1F2DD7C100881CFA /* XFOrderConfirm.swift */ = {isa = PBXFileReference; lastKnownFileType = sourcecode.swift; path = XFOrderConfirm.swift; sourceTree = "<group>"; };
		86ADDCE01F2DD88500881CFA /* XFCouponItem.swift */ = {isa = PBXFileReference; lastKnownFileType = sourcecode.swift; path = XFCouponItem.swift; sourceTree = "<group>"; };
		86BA081B1FC29CB300AACC6E /* XFCardStockViewController.swift */ = {isa = PBXFileReference; lastKnownFileType = sourcecode.swift; path = XFCardStockViewController.swift; sourceTree = "<group>"; };
		86BB9A861F1D2B1E00B46EBC /* XFCheckoutViewController.swift */ = {isa = PBXFileReference; fileEncoding = 4; lastKnownFileType = sourcecode.swift; path = XFCheckoutViewController.swift; sourceTree = "<group>"; };
		86CB2FE61EAB495A009972A8 /* Alamofire.framework */ = {isa = PBXFileReference; lastKnownFileType = wrapper.framework; name = Alamofire.framework; path = Carthage/Build/iOS/Alamofire.framework; sourceTree = "<group>"; };
		86CB2FE81EAB495A009972A8 /* Kingfisher.framework */ = {isa = PBXFileReference; lastKnownFileType = wrapper.framework; name = Kingfisher.framework; path = Carthage/Build/iOS/Kingfisher.framework; sourceTree = "<group>"; };
		86CB2FE91EAB495A009972A8 /* MBProgressHUD.framework */ = {isa = PBXFileReference; lastKnownFileType = wrapper.framework; name = MBProgressHUD.framework; path = Carthage/Build/iOS/MBProgressHUD.framework; sourceTree = "<group>"; };
		86CB2FEB1EAB495A009972A8 /* SnapKit.framework */ = {isa = PBXFileReference; lastKnownFileType = wrapper.framework; name = SnapKit.framework; path = Carthage/Build/iOS/SnapKit.framework; sourceTree = "<group>"; };
		86CB2FEC1EAB495A009972A8 /* SwiftyJSON.framework */ = {isa = PBXFileReference; lastKnownFileType = wrapper.framework; name = SwiftyJSON.framework; path = Carthage/Build/iOS/SwiftyJSON.framework; sourceTree = "<group>"; };
		86D18BA41F1E5731007643C0 /* XFCheckoutGoodsCell.swift */ = {isa = PBXFileReference; fileEncoding = 4; lastKnownFileType = sourcecode.swift; path = XFCheckoutGoodsCell.swift; sourceTree = "<group>"; };
		86D18BA61F1E5843007643C0 /* XFCheckoutActionBar.swift */ = {isa = PBXFileReference; fileEncoding = 4; lastKnownFileType = sourcecode.swift; path = XFCheckoutActionBar.swift; sourceTree = "<group>"; };
		86D432621F72BB900024F99D /* XFCouponService.swift */ = {isa = PBXFileReference; lastKnownFileType = sourcecode.swift; path = XFCouponService.swift; sourceTree = "<group>"; };
		86E6951F1ED6AA35004864A6 /* XFCartUtils.swift */ = {isa = PBXFileReference; fileEncoding = 4; lastKnownFileType = sourcecode.swift; path = XFCartUtils.swift; sourceTree = "<group>"; };
		86E8DF731EDAB0BB000A489F /* XFDetailHeaderView.swift */ = {isa = PBXFileReference; fileEncoding = 4; lastKnownFileType = sourcecode.swift; path = XFDetailHeaderView.swift; sourceTree = "<group>"; };
		86E8DF751EDAB0C9000A489F /* XFDetailCommentView.swift */ = {isa = PBXFileReference; fileEncoding = 4; lastKnownFileType = sourcecode.swift; path = XFDetailCommentView.swift; sourceTree = "<group>"; };
		86E8DF771EDAB0D6000A489F /* XFDetailDescriptionView.swift */ = {isa = PBXFileReference; fileEncoding = 4; lastKnownFileType = sourcecode.swift; path = XFDetailDescriptionView.swift; sourceTree = "<group>"; };
		86E8DF791EDAB0EC000A489F /* XFDetailActionBarView.swift */ = {isa = PBXFileReference; fileEncoding = 4; lastKnownFileType = sourcecode.swift; path = XFDetailActionBarView.swift; sourceTree = "<group>"; };
		86E8DF7D1EDBCC90000A489F /* XFButtonExtension.swift */ = {isa = PBXFileReference; fileEncoding = 4; lastKnownFileType = sourcecode.swift; path = XFButtonExtension.swift; sourceTree = "<group>"; };
		86E8DF801EDC0EAB000A489F /* XFCommentItemView.swift */ = {isa = PBXFileReference; fileEncoding = 4; lastKnownFileType = sourcecode.swift; path = XFCommentItemView.swift; sourceTree = "<group>"; };
		86EC80F31EC86C34009AB47D /* FourBillCollectionViewCell.swift */ = {isa = PBXFileReference; fileEncoding = 4; lastKnownFileType = sourcecode.swift; path = FourBillCollectionViewCell.swift; sourceTree = "<group>"; };
		86EC80F41EC86C34009AB47D /* MyBillTableViewCell.swift */ = {isa = PBXFileReference; fileEncoding = 4; lastKnownFileType = sourcecode.swift; path = MyBillTableViewCell.swift; sourceTree = "<group>"; };
		86EC80F51EC86C34009AB47D /* UserCenterAvatarCell.swift */ = {isa = PBXFileReference; fileEncoding = 4; lastKnownFileType = sourcecode.swift; path = UserCenterAvatarCell.swift; sourceTree = "<group>"; };
		86F8949D1FC1D2C500AE1C93 /* libQYSDK.a */ = {isa = PBXFileReference; lastKnownFileType = archive.ar; path = libQYSDK.a; sourceTree = "<group>"; };
		86F8949E1FC1D2C500AE1C93 /* libcrypto.a */ = {isa = PBXFileReference; lastKnownFileType = archive.ar; path = libcrypto.a; sourceTree = "<group>"; };
		86F894A01FC1D2C500AE1C93 /* QYPushMessage.h */ = {isa = PBXFileReference; fileEncoding = 4; lastKnownFileType = sourcecode.c.h; path = QYPushMessage.h; sourceTree = "<group>"; };
		86F894A11FC1D2C500AE1C93 /* QYSource.h */ = {isa = PBXFileReference; fileEncoding = 4; lastKnownFileType = sourcecode.c.h; path = QYSource.h; sourceTree = "<group>"; };
		86F894A21FC1D2C500AE1C93 /* QYCustomUIConfig.h */ = {isa = PBXFileReference; fileEncoding = 4; lastKnownFileType = sourcecode.c.h; path = QYCustomUIConfig.h; sourceTree = "<group>"; };
		86F894A41FC1D2C500AE1C93 /* QYPOPMessageInfo.h */ = {isa = PBXFileReference; fileEncoding = 4; lastKnownFileType = sourcecode.c.h; path = QYPOPMessageInfo.h; sourceTree = "<group>"; };
		86F894A51FC1D2C500AE1C93 /* QYPOPCustomUIConfig.h */ = {isa = PBXFileReference; fileEncoding = 4; lastKnownFileType = sourcecode.c.h; path = QYPOPCustomUIConfig.h; sourceTree = "<group>"; };
		86F894A61FC1D2C500AE1C93 /* QYPOPSessionInfo.h */ = {isa = PBXFileReference; fileEncoding = 4; lastKnownFileType = sourcecode.c.h; path = QYPOPSessionInfo.h; sourceTree = "<group>"; };
		86F894A71FC1D2C500AE1C93 /* QYPOPConversationManager.h */ = {isa = PBXFileReference; fileEncoding = 4; lastKnownFileType = sourcecode.c.h; path = QYPOPConversationManager.h; sourceTree = "<group>"; };
		86F894A81FC1D2C500AE1C93 /* QYPOPSessionViewController.h */ = {isa = PBXFileReference; fileEncoding = 4; lastKnownFileType = sourcecode.c.h; path = QYPOPSessionViewController.h; sourceTree = "<group>"; };
		86F894A91FC1D2C500AE1C93 /* QYPOPSDK.h */ = {isa = PBXFileReference; fileEncoding = 4; lastKnownFileType = sourcecode.c.h; path = QYPOPSDK.h; sourceTree = "<group>"; };
		86F894AA1FC1D2C500AE1C93 /* QYSessionViewController.h */ = {isa = PBXFileReference; fileEncoding = 4; lastKnownFileType = sourcecode.c.h; path = QYSessionViewController.h; sourceTree = "<group>"; };
		86F894AB1FC1D2C500AE1C93 /* QYSDK.h */ = {isa = PBXFileReference; fileEncoding = 4; lastKnownFileType = sourcecode.c.h; path = QYSDK.h; sourceTree = "<group>"; };
		86F894AC1FC1D2C500AE1C93 /* QYCustomActionConfig.h */ = {isa = PBXFileReference; fileEncoding = 4; lastKnownFileType = sourcecode.c.h; path = QYCustomActionConfig.h; sourceTree = "<group>"; };
		86F894AD1FC1D2C500AE1C93 /* QYMessageInfo.h */ = {isa = PBXFileReference; fileEncoding = 4; lastKnownFileType = sourcecode.c.h; path = QYMessageInfo.h; sourceTree = "<group>"; };
		86F894AE1FC1D2C500AE1C93 /* QYUserInfo.h */ = {isa = PBXFileReference; fileEncoding = 4; lastKnownFileType = sourcecode.c.h; path = QYUserInfo.h; sourceTree = "<group>"; };
		86F894AF1FC1D2C500AE1C93 /* QYCommodityInfo.h */ = {isa = PBXFileReference; fileEncoding = 4; lastKnownFileType = sourcecode.c.h; path = QYCommodityInfo.h; sourceTree = "<group>"; };
		86F894B01FC1D2C500AE1C93 /* QYHeaders.h */ = {isa = PBXFileReference; fileEncoding = 4; lastKnownFileType = sourcecode.c.h; path = QYHeaders.h; sourceTree = "<group>"; };
		86F894B11FC1D2C500AE1C93 /* QYConversationManager.h */ = {isa = PBXFileReference; fileEncoding = 4; lastKnownFileType = sourcecode.c.h; path = QYConversationManager.h; sourceTree = "<group>"; };
		86F894B21FC1D2C500AE1C93 /* QYSessionInfo.h */ = {isa = PBXFileReference; fileEncoding = 4; lastKnownFileType = sourcecode.c.h; path = QYSessionInfo.h; sourceTree = "<group>"; };
		86F894B31FC1D2C500AE1C93 /* libevent.a */ = {isa = PBXFileReference; lastKnownFileType = archive.ar; path = libevent.a; sourceTree = "<group>"; };
		86F894B41FC1D2C500AE1C93 /* QYResource.bundle */ = {isa = PBXFileReference; lastKnownFileType = "wrapper.plug-in"; path = QYResource.bundle; sourceTree = "<group>"; };
		86F894B91FC1D34500AE1C93 /* CoreText.framework */ = {isa = PBXFileReference; lastKnownFileType = wrapper.framework; name = CoreText.framework; path = System/Library/Frameworks/CoreText.framework; sourceTree = SDKROOT; };
		86F894BB1FC1D36200AE1C93 /* MobileCoreServices.framework */ = {isa = PBXFileReference; lastKnownFileType = wrapper.framework; name = MobileCoreServices.framework; path = System/Library/Frameworks/MobileCoreServices.framework; sourceTree = SDKROOT; };
		86F894BD1FC1D37E00AE1C93 /* AVFoundation.framework */ = {isa = PBXFileReference; lastKnownFileType = wrapper.framework; name = AVFoundation.framework; path = System/Library/Frameworks/AVFoundation.framework; sourceTree = SDKROOT; };
		86F894BF1FC1D3A800AE1C93 /* CoreMedia.framework */ = {isa = PBXFileReference; lastKnownFileType = wrapper.framework; name = CoreMedia.framework; path = System/Library/Frameworks/CoreMedia.framework; sourceTree = SDKROOT; };
		86F894C11FC1D3C300AE1C93 /* AudioToolbox.framework */ = {isa = PBXFileReference; lastKnownFileType = wrapper.framework; name = AudioToolbox.framework; path = System/Library/Frameworks/AudioToolbox.framework; sourceTree = SDKROOT; };
		86F894C31FC1D41400AE1C93 /* libxml2.tbd */ = {isa = PBXFileReference; lastKnownFileType = "sourcecode.text-based-dylib-definition"; name = libxml2.tbd; path = usr/lib/libxml2.tbd; sourceTree = SDKROOT; };
		86F894C51FC1D47A00AE1C93 /* libstdc++.6.0.9.tbd */ = {isa = PBXFileReference; lastKnownFileType = "sourcecode.text-based-dylib-definition"; name = "libstdc++.6.0.9.tbd"; path = "usr/lib/libstdc++.6.0.9.tbd"; sourceTree = SDKROOT; };
		86FFA4111F487A5600FCC809 /* XFOrder.swift */ = {isa = PBXFileReference; lastKnownFileType = sourcecode.swift; path = XFOrder.swift; sourceTree = "<group>"; };
		86FFA4131F487DF800FCC809 /* XFExpress.swift */ = {isa = PBXFileReference; lastKnownFileType = sourcecode.swift; path = XFExpress.swift; sourceTree = "<group>"; };
		86FFA4151F487F4100FCC809 /* XFNewsInfoService.swift */ = {isa = PBXFileReference; lastKnownFileType = sourcecode.swift; path = XFNewsInfoService.swift; sourceTree = "<group>"; };
		86FFA41A1F488D5200FCC809 /* XFWebViewController.swift */ = {isa = PBXFileReference; lastKnownFileType = sourcecode.swift; path = XFWebViewController.swift; sourceTree = "<group>"; };
		86FFA41F1F48981F00FCC809 /* XFUserLoginViewController.swift */ = {isa = PBXFileReference; lastKnownFileType = sourcecode.swift; path = XFUserLoginViewController.swift; sourceTree = "<group>"; };
		86FFA4201F48981F00FCC809 /* XFUserRegistSecondPageViewController.swift */ = {isa = PBXFileReference; lastKnownFileType = sourcecode.swift; path = XFUserRegistSecondPageViewController.swift; sourceTree = "<group>"; };
		86FFA4211F48981F00FCC809 /* XFUserRegistViewController.swift */ = {isa = PBXFileReference; lastKnownFileType = sourcecode.swift; path = XFUserRegistViewController.swift; sourceTree = "<group>"; };
		86FFA4271F4898D400FCC809 /* XFOrderListViewController.swift */ = {isa = PBXFileReference; lastKnownFileType = sourcecode.swift; path = XFOrderListViewController.swift; sourceTree = "<group>"; };
		86FFA4291F4898FA00FCC809 /* XFOrderDetailViewController.swift */ = {isa = PBXFileReference; lastKnownFileType = sourcecode.swift; path = XFOrderDetailViewController.swift; sourceTree = "<group>"; };
		86FFA42B1F48991800FCC809 /* XFExpressViewController.swift */ = {isa = PBXFileReference; lastKnownFileType = sourcecode.swift; path = XFExpressViewController.swift; sourceTree = "<group>"; };
		86FFA42D1F48995700FCC809 /* XFSettingsViewController.swift */ = {isa = PBXFileReference; lastKnownFileType = sourcecode.swift; path = XFSettingsViewController.swift; sourceTree = "<group>"; };
		86FFA42F1F48999800FCC809 /* XFUserInfoViewController.swift */ = {isa = PBXFileReference; lastKnownFileType = sourcecode.swift; path = XFUserInfoViewController.swift; sourceTree = "<group>"; };
		86FFA4311F494A4A00FCC809 /* XFOrderListItem.swift */ = {isa = PBXFileReference; lastKnownFileType = sourcecode.swift; path = XFOrderListItem.swift; sourceTree = "<group>"; };
		86FFA4331F49C3BF00FCC809 /* XFOrderDetailAddressCell.swift */ = {isa = PBXFileReference; lastKnownFileType = sourcecode.swift; path = XFOrderDetailAddressCell.swift; sourceTree = "<group>"; };
		86FFA4351F49C67500FCC809 /* XFOrderDetailGoodsCell.swift */ = {isa = PBXFileReference; lastKnownFileType = sourcecode.swift; path = XFOrderDetailGoodsCell.swift; sourceTree = "<group>"; };
		86FFA4371F49CAB200FCC809 /* XFOrderDetailHeaderCell.swift */ = {isa = PBXFileReference; lastKnownFileType = sourcecode.swift; path = XFOrderDetailHeaderCell.swift; sourceTree = "<group>"; };
		86FFA43B1F49DCD100FCC809 /* XFIndex.swift */ = {isa = PBXFileReference; lastKnownFileType = sourcecode.swift; path = XFIndex.swift; sourceTree = "<group>"; };
		86FFA43D1F49DD5100FCC809 /* XFIndexArticleViewCell.swift */ = {isa = PBXFileReference; lastKnownFileType = sourcecode.swift; path = XFIndexArticleViewCell.swift; sourceTree = "<group>"; };
/* End PBXFileReference section */

/* Begin PBXFrameworksBuildPhase section */
		865F4F401E9A173E0059502C /* Frameworks */ = {
			isa = PBXFrameworksBuildPhase;
			buildActionMask = 2147483647;
			files = (
				86F894C21FC1D3C800AE1C93 /* AudioToolbox.framework in Frameworks */,
				86F894C01FC1D3AE00AE1C93 /* CoreMedia.framework in Frameworks */,
				8618BA3B1F4027FA00AC9436 /* CoreTelephony.framework in Frameworks */,
				86F894BE1FC1D38500AE1C93 /* AVFoundation.framework in Frameworks */,
				86F894BC1FC1D36D00AE1C93 /* MobileCoreServices.framework in Frameworks */,
				86F894BA1FC1D35800AE1C93 /* CoreText.framework in Frameworks */,
				860A32AB1F860E2500301883 /* ESPullToRefresh.framework in Frameworks */,
				8618BA441F40366E00AC9436 /* CoreMotion.framework in Frameworks */,
				8618BA421F4035D700AC9436 /* AlipaySDK.framework in Frameworks */,
				8618BA401F402B9800AC9436 /* libWeChatSDK.a in Frameworks */,
				8618BA3C1F40280500AC9436 /* libc++.tbd in Frameworks */,
				86A45C6C1ED1187D00772D13 /* libz.tbd in Frameworks */,
				8618BA381F4027B000AC9436 /* SystemConfiguration.framework in Frameworks */,
				86F894C41FC1D41400AE1C93 /* libxml2.tbd in Frameworks */,
				860A43031EE415FF00798678 /* HandyJSON.framework in Frameworks */,
				8690FF321ED538E90051A16D /* SQLite.framework in Frameworks */,
				86A45C6A1ED1186A00772D13 /* PhotosUI.framework in Frameworks */,
				86F894B61FC1D2C500AE1C93 /* libcrypto.a in Frameworks */,
				86A45C681ED1186100772D13 /* Photos.framework in Frameworks */,
				86F894C61FC1D47A00AE1C93 /* libstdc++.6.0.9.tbd in Frameworks */,
				86A45C661ED1184E00772D13 /* AssetsLibrary.framework in Frameworks */,
				86A45C621ED110B500772D13 /* Security.framework in Frameworks */,
				86A45C601ED110AB00772D13 /* CFNetwork.framework in Frameworks */,
				86F894B71FC1D2C500AE1C93 /* libevent.a in Frameworks */,
				86A45C5A1ED1109100772D13 /* libstdc++.tbd in Frameworks */,
				86A45C581ED1108500772D13 /* libicucore.tbd in Frameworks */,
				86A45C561ED1106D00772D13 /* libsqlite3.tbd in Frameworks */,
				86CB2FED1EAB495A009972A8 /* Alamofire.framework in Frameworks */,
				86CB2FEF1EAB495A009972A8 /* Kingfisher.framework in Frameworks */,
				86F894B51FC1D2C500AE1C93 /* libQYSDK.a in Frameworks */,
				86CB2FF01EAB495A009972A8 /* MBProgressHUD.framework in Frameworks */,
				86CB2FF21EAB495A009972A8 /* SnapKit.framework in Frameworks */,
				86CB2FF31EAB495A009972A8 /* SwiftyJSON.framework in Frameworks */,
			);
			runOnlyForDeploymentPostprocessing = 0;
		};
/* End PBXFrameworksBuildPhase section */

/* Begin PBXGroup section */
		1660E8A11FC2B819008F5669 /* VideoPlayer */ = {
			isa = PBXGroup;
			children = (
				1660E8A21FC2B819008F5669 /* XLVideoPlayer.m */,
				1660E8A31FC2B819008F5669 /* Slider */,
				1660E8A71FC2B819008F5669 /* XLVideoPlayer.h */,
			);
			path = VideoPlayer;
			sourceTree = "<group>";
		};
		1660E8A31FC2B819008F5669 /* Slider */ = {
			isa = PBXGroup;
			children = (
				1660E8A41FC2B819008F5669 /* XLSlider.h */,
				1660E8A51FC2B819008F5669 /* XLSlider.m */,
			);
			path = Slider;
			sourceTree = "<group>";
		};
		8618BA311F40274300AC9436 /* WeChatSDK1.7.9 */ = {
			isa = PBXGroup;
			children = (
				8618BA321F40274300AC9436 /* libWeChatSDK.a */,
				8618BA331F40274300AC9436 /* README.txt */,
				8618BA341F40274300AC9436 /* WechatAuthSDK.h */,
				8618BA351F40274300AC9436 /* WXApi.h */,
				8618BA361F40274300AC9436 /* WXApiObject.h */,
			);
			path = WeChatSDK1.7.9;
			sourceTree = "<group>";
		};
		8618BA3D1F4029F000AC9436 /* AlipaySDK15.4.1 */ = {
			isa = PBXGroup;
			children = (
				8618BA3E1F4029F000AC9436 /* AlipaySDK.bundle */,
				8618BA3F1F4029F000AC9436 /* AlipaySDK.framework */,
			);
			path = AlipaySDK15.4.1;
			sourceTree = "<group>";
		};
		8630B31B1EF7B7EB002F5B5C /* DataBase */ = {
			isa = PBXGroup;
			children = (
				8630B31C1EF7BC86002F5B5C /* XFSQLiteDataSource.swift */,
				8630B31E1EF7BCB1002F5B5C /* XFCartDataHelper.swift */,
			);
			path = DataBase;
			sourceTree = "<group>";
		};
		864430741E9A23CD00D41BCC /* AppSystem */ = {
			isa = PBXGroup;
			children = (
				865F4F4D1E9A173E0059502C /* Assets.xcassets */,
				865F4F521E9A173E0059502C /* Info.plist */,
				86A45C2E1ECFD81D00772D13 /* XFruits-Bridging-Header.h */,
				865F4F461E9A173E0059502C /* AppDelegate.swift */,
			);
			name = AppSystem;
			sourceTree = "<group>";
		};
		864430751E9A242000D41BCC /* AppCode */ = {
			isa = PBXGroup;
			children = (
				8666D5381F2326600094FE33 /* ThirdLibs */,
				864430781E9A277B00D41BCC /* Business */,
				8644307D1E9A277B00D41BCC /* Common */,
				864430801E9A277B00D41BCC /* Constants */,
				864430811E9A277B00D41BCC /* Utils */,
				862672F01EFE48A20062B52B /* XFHomeViewController.swift */,
			);
			path = AppCode;
			sourceTree = "<group>";
		};
		864430781E9A277B00D41BCC /* Business */ = {
			isa = PBXGroup;
			children = (
				864430791E9A277B00D41BCC /* FruitsCategory */,
				8644307A1E9A277B00D41BCC /* HomePage */,
				8644307B1E9A277B00D41BCC /* ShopCar */,
				8644307C1E9A277B00D41BCC /* UserCenter */,
			);
			path = Business;
			sourceTree = "<group>";
		};
		864430791E9A277B00D41BCC /* FruitsCategory */ = {
			isa = PBXGroup;
			children = (
				8690FED71ED176730051A16D /* View */,
				8690FEE21ED179560051A16D /* XFAllCategoryListViewController.swift */,
				862672CC1EFE42B50062B52B /* XFCategoryViewController.swift */,
				862672CE1EFE42EF0062B52B /* XFDetailViewController.swift */,
			);
			path = FruitsCategory;
			sourceTree = "<group>";
		};
		8644307A1E9A277B00D41BCC /* HomePage */ = {
			isa = PBXGroup;
			children = (
				86FFA43A1F49DCD100FCC809 /* Model */,
				86FFA4391F49DCD100FCC809 /* View */,
				862672D01EFE432C0062B52B /* XFIndexViewController.swift */,
			);
			path = HomePage;
			sourceTree = "<group>";
		};
		8644307B1E9A277B00D41BCC /* ShopCar */ = {
			isa = PBXGroup;
			children = (
				8690FED81ED1768E0051A16D /* Model */,
				8690FED91ED1768E0051A16D /* View */,
				165608DA1EDACA6900D325D4 /* XFChoosePayWayViewController.swift */,
				862672D21EFE43680062B52B /* XFShopCarViewController.swift */,
				86BB9A861F1D2B1E00B46EBC /* XFCheckoutViewController.swift */,
				8692FCD51F42029A00CD3F72 /* XFPayResultViewController.swift */,
			);
			path = ShopCar;
			sourceTree = "<group>";
		};
		8644307C1E9A277B00D41BCC /* UserCenter */ = {
			isa = PBXGroup;
			children = (
				86EC80EA1EC72D2E009AB47D /* View */,
				86FFA41C1F48981F00FCC809 /* Controllers */,
				862672DA1EFE44490062B52B /* XFUserCenterViewController.swift */,
			);
			path = UserCenter;
			sourceTree = "<group>";
		};
		8644307D1E9A277B00D41BCC /* Common */ = {
			isa = PBXGroup;
			children = (
				8660D99D1F447A5E00D98C18 /* NetService */,
				868613241EACCC6C00A44338 /* Category */,
				8644307E1E9A277B00D41BCC /* Model */,
				8644307F1E9A277B00D41BCC /* UI */,
			);
			path = Common;
			sourceTree = "<group>";
		};
		8644307E1E9A277B00D41BCC /* Model */ = {
			isa = PBXGroup;
			children = (
				1632FE4C1FC6E27500186A8F /* XFCollection.swift */,
				16200CEE1F1B169C0008C039 /* XFAddress.swift */,
				860A43041EE4178000798678 /* XFBaseResponse.swift */,
				862672E61EFE47AE0062B52B /* XFUser.swift */,
				862672EA1EFE480B0062B52B /* XFProduct.swift */,
				862672FA1EFE4F3A0062B52B /* XFVerifyImage.swift */,
				862AF70A1F0926A700409CCB /* XFComment.swift */,
				86ADDCE01F2DD88500881CFA /* XFCouponItem.swift */,
				8692FCD31F41EDBC00CD3F72 /* XFPayResponse.swift */,
				86FFA4111F487A5600FCC809 /* XFOrder.swift */,
				86FFA4131F487DF800FCC809 /* XFExpress.swift */,
			);
			path = Model;
			sourceTree = "<group>";
		};
		8644307F1E9A277B00D41BCC /* UI */ = {
			isa = PBXGroup;
			children = (
				868613271EACDC0D00A44338 /* widget */,
				86FFA41A1F488D5200FCC809 /* XFWebViewController.swift */,
				862672F41EFE49550062B52B /* XFBaseViewController.swift */,
				862672F61EFE497D0062B52B /* XFBaseSubViewController.swift */,
				862672F81EFE499D0062B52B /* XFNavigationController.swift */,
				86658BC21F5088EF00817B2C /* XFAppGuideViewController.swift */,
				865465181FC321A60007FAC6 /* XFNavMenuViewController.swift */,
			);
			path = UI;
			sourceTree = "<group>";
		};
		864430801E9A277B00D41BCC /* Constants */ = {
			isa = PBXGroup;
			children = (
				862C59EE1EA3677100C2323D /* XFConstants.swift */,
				865AA5B71EAB9E9500E94312 /* XFEnum.swift */,
				865AA5BF1EABA14C00E94312 /* XFUIFuncDefines.swift */,
			);
			path = Constants;
			sourceTree = "<group>";
		};
		864430811E9A277B00D41BCC /* Utils */ = {
			isa = PBXGroup;
			children = (
				8630B31B1EF7B7EB002F5B5C /* DataBase */,
				86A45C711ED1209F00772D13 /* XFCommonUtils.swift */,
				86E6951F1ED6AA35004864A6 /* XFCartUtils.swift */,
				862672EC1EFE48420062B52B /* XFNetworking.swift */,
				862AF70C1F09271E00409CCB /* XFUserGlobal.swift */,
				16200CF41F1B7F200008C039 /* XFAvailableAddressUtils.swift */,
				86ADDCD41F2AEBCE00881CFA /* XFDataGlobal.swift */,
				1613F7881FBC1DE50033E42F /* XFAddToCartAnimationTool.swift */,
			);
			path = Utils;
			sourceTree = "<group>";
		};
		865F4F3A1E9A173E0059502C = {
			isa = PBXGroup;
			children = (
				865F4F451E9A173E0059502C /* XFruits */,
				865F4F441E9A173E0059502C /* Products */,
				86CB2FE51EAB4959009972A8 /* Frameworks */,
			);
			sourceTree = "<group>";
		};
		865F4F441E9A173E0059502C /* Products */ = {
			isa = PBXGroup;
			children = (
				865F4F431E9A173E0059502C /* XFruits.app */,
			);
			name = Products;
			sourceTree = "<group>";
		};
		865F4F451E9A173E0059502C /* XFruits */ = {
			isa = PBXGroup;
			children = (
				864430751E9A242000D41BCC /* AppCode */,
				864430741E9A23CD00D41BCC /* AppSystem */,
			);
			path = XFruits;
			sourceTree = "<group>";
		};
		8660D99D1F447A5E00D98C18 /* NetService */ = {
			isa = PBXGroup;
			children = (
				1632FE4A1FC6D73D00186A8F /* XFCollectionService.swift */,
				8660D99E1F447AF800D98C18 /* XFOrderSerivice.swift */,
				862848521F483DD400CA52B6 /* XFAddressService.swift */,
				86FFA4151F487F4100FCC809 /* XFNewsInfoService.swift */,
				8616F7EC1F654C03007A4669 /* XFAuthService.swift */,
				8616F7EE1F654CB8007A4669 /* XFProductService.swift */,
				16C9FDA31F6E7EF700A138E6 /* XFUserInfoService.swift */,
				86D432621F72BB900024F99D /* XFCouponService.swift */,
			);
			path = NetService;
			sourceTree = "<group>";
		};
		8666D5381F2326600094FE33 /* ThirdLibs */ = {
			isa = PBXGroup;
			children = (
				1660E8A11FC2B819008F5669 /* VideoPlayer */,
				86F8949C1FC1D2C500AE1C93 /* QiYuSDK3.12.0 */,
				8618BA3D1F4029F000AC9436 /* AlipaySDK15.4.1 */,
				8618BA311F40274300AC9436 /* WeChatSDK1.7.9 */,
			);
			path = ThirdLibs;
			sourceTree = "<group>";
		};
		868613241EACCC6C00A44338 /* Category */ = {
			isa = PBXGroup;
			children = (
				868613251EACCCE400A44338 /* XFImageExtension.swift */,
				86E8DF7D1EDBCC90000A489F /* XFButtonExtension.swift */,
				862672E41EFE47010062B52B /* XFMBProgressHUD.swift */,
				86A4DB551FB72CEB0015EF92 /* XFStringExtension.swift */,
			);
			path = Category;
			sourceTree = "<group>";
		};
		868613271EACDC0D00A44338 /* widget */ = {
			isa = PBXGroup;
			children = (
				862672F21EFE492D0062B52B /* XFViewPager.swift */,
				86ADDCD61F2B466C00881CFA /* XFSearchBar.swift */,
				86ADDCDC1F2B7C5C00881CFA /* XFDescriptionItem.swift */,
				864CD7BF1F80934A00E8B6FA /* XFSeperatorView.swift */,
				860A32AC1F861E7100301883 /* XFRefreshAnimator.swift */,
				86A4DB531FB728B90015EF92 /* XFRowInputView.swift */,
			);
			path = widget;
			sourceTree = "<group>";
		};
		8690FED71ED176730051A16D /* View */ = {
			isa = PBXGroup;
			children = (
				86E8DF7F1EDC0E82000A489F /* Comments */,
				8690FEDA1ED177B80051A16D /* XFCategoryHeadSizer.swift */,
				8690FEDC1ED178120051A16D /* XFCategoryCell.swift */,
				86E8DF731EDAB0BB000A489F /* XFDetailHeaderView.swift */,
				86E8DF751EDAB0C9000A489F /* XFDetailCommentView.swift */,
				86E8DF771EDAB0D6000A489F /* XFDetailDescriptionView.swift */,
				86E8DF791EDAB0EC000A489F /* XFDetailActionBarView.swift */,
			);
			path = View;
			sourceTree = "<group>";
		};
		8690FED81ED1768E0051A16D /* Model */ = {
			isa = PBXGroup;
			children = (
				86ADDCDE1F2DD7C100881CFA /* XFOrderConfirm.swift */,
			);
			path = Model;
			sourceTree = "<group>";
		};
		8690FED91ED1768E0051A16D /* View */ = {
			isa = PBXGroup;
			children = (
				165608D61EDACA6000D325D4 /* XFTPayModeableViewCell.swift */,
				8690FEDE1ED178900051A16D /* XFShopCartViewCell.swift */,
				8690FEE01ED178AF0051A16D /* XFShopCartActionBar.swift */,
				865235C51F1AFD5A005897C3 /* XFShopCartEmptyView.swift */,
				86D18BA41F1E5731007643C0 /* XFCheckoutGoodsCell.swift */,
				86D18BA61F1E5843007643C0 /* XFCheckoutActionBar.swift */,
				86ADDCD81F2B64CF00881CFA /* XFCheckoutAddress.swift */,
				86ADDCDA1F2B656700881CFA /* XFCheckoutInfo.swift */,
				8618BA2B1F3F963300AC9436 /* XFPayTimerCountDownViewCell.swift */,
			);
			path = View;
			sourceTree = "<group>";
		};
		86CB2FE51EAB4959009972A8 /* Frameworks */ = {
			isa = PBXGroup;
			children = (
				86F894C51FC1D47A00AE1C93 /* libstdc++.6.0.9.tbd */,
				86F894C31FC1D41400AE1C93 /* libxml2.tbd */,
				86F894C11FC1D3C300AE1C93 /* AudioToolbox.framework */,
				86F894BF1FC1D3A800AE1C93 /* CoreMedia.framework */,
				86F894BD1FC1D37E00AE1C93 /* AVFoundation.framework */,
				86F894BB1FC1D36200AE1C93 /* MobileCoreServices.framework */,
				86F894B91FC1D34500AE1C93 /* CoreText.framework */,
				860A32AA1F860E2500301883 /* ESPullToRefresh.framework */,
				8618BA431F40366800AC9436 /* CoreMotion.framework */,
				8618BA3A1F4027ED00AC9436 /* CoreTelephony.framework */,
				8618BA391F4027D700AC9436 /* libc++.tbd */,
				8618BA371F4027AA00AC9436 /* SystemConfiguration.framework */,
				860A43021EE415FF00798678 /* HandyJSON.framework */,
				8690FF2E1ED538E90051A16D /* SQLite.framework */,
				86A45C6B1ED1187D00772D13 /* libz.tbd */,
				86A45C691ED1186A00772D13 /* PhotosUI.framework */,
				86A45C671ED1186100772D13 /* Photos.framework */,
				86A45C651ED1184E00772D13 /* AssetsLibrary.framework */,
				86A45C611ED110B500772D13 /* Security.framework */,
				86A45C5F1ED110AB00772D13 /* CFNetwork.framework */,
				86A45C591ED1109100772D13 /* libstdc++.tbd */,
				86A45C571ED1108500772D13 /* libicucore.tbd */,
				86A45C551ED1106D00772D13 /* libsqlite3.tbd */,
				86CB2FE61EAB495A009972A8 /* Alamofire.framework */,
				86CB2FE81EAB495A009972A8 /* Kingfisher.framework */,
				86CB2FE91EAB495A009972A8 /* MBProgressHUD.framework */,
				86CB2FEB1EAB495A009972A8 /* SnapKit.framework */,
				86CB2FEC1EAB495A009972A8 /* SwiftyJSON.framework */,
			);
			name = Frameworks;
			sourceTree = "<group>";
		};
		86E8DF7F1EDC0E82000A489F /* Comments */ = {
			isa = PBXGroup;
			children = (
				86E8DF801EDC0EAB000A489F /* XFCommentItemView.swift */,
			);
			path = Comments;
			sourceTree = "<group>";
		};
		86EC80EA1EC72D2E009AB47D /* View */ = {
			isa = PBXGroup;
			children = (
				1641E76B1F35F96F0093DADF /* XFCityChooseView.swift */,
				86EC80F31EC86C34009AB47D /* FourBillCollectionViewCell.swift */,
				86EC80F41EC86C34009AB47D /* MyBillTableViewCell.swift */,
				86EC80F51EC86C34009AB47D /* UserCenterAvatarCell.swift */,
				16582DC21EE4F8D400A58846 /* XFEditMyAddressView.swift */,
				1641E76D1F3609EC0093DADF /* XFAlert.swift */,
				86FFA4311F494A4A00FCC809 /* XFOrderListItem.swift */,
				86FFA4331F49C3BF00FCC809 /* XFOrderDetailAddressCell.swift */,
				86FFA4351F49C67500FCC809 /* XFOrderDetailGoodsCell.swift */,
				86FFA4371F49CAB200FCC809 /* XFOrderDetailHeaderCell.swift */,
				169FAF8E1F6A5BE800CB358C /* XFUserInfoView.swift */,
				16C9FD991F6C1FEA00A138E6 /* UIAlertExtension.swift */,
				16C9FD9B1F6C29A400A138E6 /* DVActionSheetVC.swift */,
				16701C111F6EB431007E2CEA /* XFExpandImage.swift */,
				860C9E551F7293BE00AF3CB7 /* XFCouponItemCellView.swift */,
				86A4DB571FB750200015EF92 /* XFAddressItem.swift */,
				1632FE4E1FC7075B00186A8F /* XFCollectionListCell.swift */,
			);
			path = View;
			sourceTree = "<group>";
		};
		86F8949C1FC1D2C500AE1C93 /* QiYuSDK3.12.0 */ = {
			isa = PBXGroup;
			children = (
				86F8949D1FC1D2C500AE1C93 /* libQYSDK.a */,
				86F8949E1FC1D2C500AE1C93 /* libcrypto.a */,
				86F8949F1FC1D2C500AE1C93 /* ExportHeaders */,
				86F894B31FC1D2C500AE1C93 /* libevent.a */,
				86F894B41FC1D2C500AE1C93 /* QYResource.bundle */,
			);
			path = QiYuSDK3.12.0;
			sourceTree = "<group>";
		};
		86F8949F1FC1D2C500AE1C93 /* ExportHeaders */ = {
			isa = PBXGroup;
			children = (
				86F894A01FC1D2C500AE1C93 /* QYPushMessage.h */,
				86F894A11FC1D2C500AE1C93 /* QYSource.h */,
				86F894A21FC1D2C500AE1C93 /* QYCustomUIConfig.h */,
				86F894A31FC1D2C500AE1C93 /* POP */,
				86F894AA1FC1D2C500AE1C93 /* QYSessionViewController.h */,
				86F894AB1FC1D2C500AE1C93 /* QYSDK.h */,
				86F894AC1FC1D2C500AE1C93 /* QYCustomActionConfig.h */,
				86F894AD1FC1D2C500AE1C93 /* QYMessageInfo.h */,
				86F894AE1FC1D2C500AE1C93 /* QYUserInfo.h */,
				86F894AF1FC1D2C500AE1C93 /* QYCommodityInfo.h */,
				86F894B01FC1D2C500AE1C93 /* QYHeaders.h */,
				86F894B11FC1D2C500AE1C93 /* QYConversationManager.h */,
				86F894B21FC1D2C500AE1C93 /* QYSessionInfo.h */,
			);
			path = ExportHeaders;
			sourceTree = "<group>";
		};
		86F894A31FC1D2C500AE1C93 /* POP */ = {
			isa = PBXGroup;
			children = (
				86F894A41FC1D2C500AE1C93 /* QYPOPMessageInfo.h */,
				86F894A51FC1D2C500AE1C93 /* QYPOPCustomUIConfig.h */,
				86F894A61FC1D2C500AE1C93 /* QYPOPSessionInfo.h */,
				86F894A71FC1D2C500AE1C93 /* QYPOPConversationManager.h */,
				86F894A81FC1D2C500AE1C93 /* QYPOPSessionViewController.h */,
				86F894A91FC1D2C500AE1C93 /* QYPOPSDK.h */,
			);
			path = POP;
			sourceTree = "<group>";
		};
		86FFA41C1F48981F00FCC809 /* Controllers */ = {
			isa = PBXGroup;
			children = (
				86FFA41F1F48981F00FCC809 /* XFUserLoginViewController.swift */,
				86FFA4201F48981F00FCC809 /* XFUserRegistSecondPageViewController.swift */,
				86FFA4211F48981F00FCC809 /* XFUserRegistViewController.swift */,
				86FFA4271F4898D400FCC809 /* XFOrderListViewController.swift */,
				86FFA4291F4898FA00FCC809 /* XFOrderDetailViewController.swift */,
				86FFA42B1F48991800FCC809 /* XFExpressViewController.swift */,
				86FFA42D1F48995700FCC809 /* XFSettingsViewController.swift */,
				86FFA42F1F48999800FCC809 /* XFUserInfoViewController.swift */,
				8624CC3B1F4DE5D90008C8D3 /* XFAboutCompanyViewController.swift */,
				16C9FD9D1F6D513400A138E6 /* XFChangePwdViewController.swift */,
				869FBE991F70E5F50047A8B7 /* XFCouponListViewController.swift */,
				863983711F85E5BE0035F0FD /* XFUserCollectionViewController.swift */,
				863983731F85E5E80035F0FD /* XFUserScoreViewController.swift */,
				86A4DB4F1FB715690015EF92 /* XFAddressListViewController.swift */,
				86A4DB511FB7157E0015EF92 /* XFAddressManageViewController.swift */,
				86BA081B1FC29CB300AACC6E /* XFCardStockViewController.swift */,
			);
			path = Controllers;
			sourceTree = "<group>";
		};
		86FFA4391F49DCD100FCC809 /* View */ = {
			isa = PBXGroup;
			children = (
				86FFA43D1F49DD5100FCC809 /* XFIndexArticleViewCell.swift */,
			);
			path = View;
			sourceTree = "<group>";
		};
		86FFA43A1F49DCD100FCC809 /* Model */ = {
			isa = PBXGroup;
			children = (
				86FFA43B1F49DCD100FCC809 /* XFIndex.swift */,
			);
			path = Model;
			sourceTree = "<group>";
		};
/* End PBXGroup section */

/* Begin PBXNativeTarget section */
		865F4F421E9A173E0059502C /* XFruits */ = {
			isa = PBXNativeTarget;
			buildConfigurationList = 865F4F551E9A173E0059502C /* Build configuration list for PBXNativeTarget "XFruits" */;
			buildPhases = (
				865F4F3F1E9A173E0059502C /* Sources */,
				865F4F401E9A173E0059502C /* Frameworks */,
				865F4F411E9A173E0059502C /* Resources */,
				86CB2FF41EAB497D009972A8 /* ShellScript */,
				165D22491F6ACE0B00B760A3 /* Embed Frameworks */,
			);
			buildRules = (
			);
			dependencies = (
			);
			name = XFruits;
			productName = XFruits;
			productReference = 865F4F431E9A173E0059502C /* XFruits.app */;
			productType = "com.apple.product-type.application";
		};
/* End PBXNativeTarget section */

/* Begin PBXProject section */
		865F4F3B1E9A173E0059502C /* Project object */ = {
			isa = PBXProject;
			attributes = {
				CLASSPREFIX = XF;
				LastSwiftUpdateCheck = 0830;
				LastUpgradeCheck = 0900;
				ORGANIZATIONNAME = www.10fruits.net;
				TargetAttributes = {
					865F4F421E9A173E0059502C = {
						CreatedOnToolsVersion = 8.3;
						DevelopmentTeam = 426U84EDEE;
						LastSwiftMigration = 0900;
						ProvisioningStyle = Automatic;
					};
				};
			};
			buildConfigurationList = 865F4F3E1E9A173E0059502C /* Build configuration list for PBXProject "XFruits" */;
			compatibilityVersion = "Xcode 3.2";
			developmentRegion = English;
			hasScannedForEncodings = 0;
			knownRegions = (
				en,
				Base,
			);
			mainGroup = 865F4F3A1E9A173E0059502C;
			productRefGroup = 865F4F441E9A173E0059502C /* Products */;
			projectDirPath = "";
			projectRoot = "";
			targets = (
				865F4F421E9A173E0059502C /* XFruits */,
			);
		};
/* End PBXProject section */

/* Begin PBXResourcesBuildPhase section */
		865F4F411E9A173E0059502C /* Resources */ = {
			isa = PBXResourcesBuildPhase;
			buildActionMask = 2147483647;
			files = (
				86BF01891FBAD02F006C66E2 /* Assets.xcassets in Resources */,
				86F894B81FC1D2C500AE1C93 /* QYResource.bundle in Resources */,
			);
			runOnlyForDeploymentPostprocessing = 0;
		};
/* End PBXResourcesBuildPhase section */

/* Begin PBXShellScriptBuildPhase section */
		86CB2FF41EAB497D009972A8 /* ShellScript */ = {
			isa = PBXShellScriptBuildPhase;
			buildActionMask = 2147483647;
			files = (
			);
			inputPaths = (
				"$(SRCROOT)/Carthage/Build/iOS/Alamofire.framework",
				"$(SRCROOT)/Carthage/Build/iOS/MBProgressHUD.framework",
				"$(SRCROOT)/Carthage/Build/iOS/Kingfisher.framework",
				"$(SRCROOT)/Carthage/Build/iOS/SnapKit.framework",
				"$(SRCROOT)/Carthage/Build/iOS/SwiftyJSON.framework",
				"$(SRCROOT)/Carthage/Build/iOS/SQLite.framework",
				"$(SRCROOT)/Carthage/Build/iOS/HandyJSON.framework",
				"$(SRCROOT)/Carthage/Build/iOS/ESPullToRefresh.framework",
			);
			outputPaths = (
			);
			runOnlyForDeploymentPostprocessing = 0;
			shellPath = /bin/sh;
			shellScript = "carthage copy-frameworks";
		};
/* End PBXShellScriptBuildPhase section */

/* Begin PBXSourcesBuildPhase section */
		865F4F3F1E9A173E0059502C /* Sources */ = {
			isa = PBXSourcesBuildPhase;
			buildActionMask = 2147483647;
			files = (
				86FFA43C1F49DCEF00FCC809 /* XFIndex.swift in Sources */,
				86FFA4241F48986F00FCC809 /* XFUserLoginViewController.swift in Sources */,
				86FFA4251F48986F00FCC809 /* XFUserRegistSecondPageViewController.swift in Sources */,
				86D432631F72BB900024F99D /* XFCouponService.swift in Sources */,
				86FFA4261F48986F00FCC809 /* XFUserRegistViewController.swift in Sources */,
				86FFA41B1F488DEA00FCC809 /* XFWebViewController.swift in Sources */,
				86FFA4121F487A5600FCC809 /* XFOrder.swift in Sources */,
				1641E76C1F35F9D10093DADF /* XFCityChooseView.swift in Sources */,
				8690FEE11ED178AF0051A16D /* XFShopCartActionBar.swift in Sources */,
				86ADDCDF1F2DD7C100881CFA /* XFOrderConfirm.swift in Sources */,
				862672F11EFE48A20062B52B /* XFHomeViewController.swift in Sources */,
				1632FE4F1FC7075B00186A8F /* XFCollectionListCell.swift in Sources */,
				86E8DF7E1EDBCC90000A489F /* XFButtonExtension.swift in Sources */,
				865AA5C01EABA14C00E94312 /* XFUIFuncDefines.swift in Sources */,
				862672F71EFE497D0062B52B /* XFBaseSubViewController.swift in Sources */,
				16701C121F6EB431007E2CEA /* XFExpandImage.swift in Sources */,
				86BA081C1FC29CB300AACC6E /* XFCardStockViewController.swift in Sources */,
				864CD7C01F80934A00E8B6FA /* XFSeperatorView.swift in Sources */,
				860A32AD1F861E7100301883 /* XFRefreshAnimator.swift in Sources */,
				86FFA42A1F4898FA00FCC809 /* XFOrderDetailViewController.swift in Sources */,
				86FFA42C1F48991800FCC809 /* XFExpressViewController.swift in Sources */,
				86FFA4381F49CAB200FCC809 /* XFOrderDetailHeaderCell.swift in Sources */,
				86E8DF7A1EDAB0EC000A489F /* XFDetailActionBarView.swift in Sources */,
				8690FEDD1ED178120051A16D /* XFCategoryCell.swift in Sources */,
				8690FEE31ED179560051A16D /* XFAllCategoryListViewController.swift in Sources */,
				86E8DF811EDC0EAB000A489F /* XFCommentItemView.swift in Sources */,
				86ADDCD91F2B64CF00881CFA /* XFCheckoutAddress.swift in Sources */,
				1660E8A81FC2B819008F5669 /* XLVideoPlayer.m in Sources */,
				86ADDCDB1F2B656700881CFA /* XFCheckoutInfo.swift in Sources */,
				86FFA4321F494A4A00FCC809 /* XFOrderListItem.swift in Sources */,
				86A45C721ED1209F00772D13 /* XFCommonUtils.swift in Sources */,
				869FBE9A1F70E5F50047A8B7 /* XFCouponListViewController.swift in Sources */,
				86D18BA71F1E5843007643C0 /* XFCheckoutActionBar.swift in Sources */,
				862672F91EFE499D0062B52B /* XFNavigationController.swift in Sources */,
				862672D11EFE432C0062B52B /* XFIndexViewController.swift in Sources */,
				862AF70D1F09271F00409CCB /* XFUserGlobal.swift in Sources */,
				8630B31D1EF7BC86002F5B5C /* XFSQLiteDataSource.swift in Sources */,
				862672D31EFE43680062B52B /* XFShopCarViewController.swift in Sources */,
				86A4DB581FB750200015EF92 /* XFAddressItem.swift in Sources */,
				8690FEDF1ED178900051A16D /* XFShopCartViewCell.swift in Sources */,
				862672F51EFE49550062B52B /* XFBaseViewController.swift in Sources */,
				86A4DB541FB728B90015EF92 /* XFRowInputView.swift in Sources */,
				862AF70B1F0926A700409CCB /* XFComment.swift in Sources */,
				862672ED1EFE48420062B52B /* XFNetworking.swift in Sources */,
				8624CC3C1F4DE5D90008C8D3 /* XFAboutCompanyViewController.swift in Sources */,
				8616F7ED1F654C03007A4669 /* XFAuthService.swift in Sources */,
				863983741F85E5E80035F0FD /* XFUserScoreViewController.swift in Sources */,
				862672E51EFE47010062B52B /* XFMBProgressHUD.swift in Sources */,
				860C9E561F7293BE00AF3CB7 /* XFCouponItemCellView.swift in Sources */,
				1660E8A91FC2B819008F5669 /* XLSlider.m in Sources */,
				8616F7EF1F654CB8007A4669 /* XFProductService.swift in Sources */,
				86E695201ED6AA35004864A6 /* XFCartUtils.swift in Sources */,
				86EC80F81EC86C34009AB47D /* UserCenterAvatarCell.swift in Sources */,
				862672CD1EFE42B50062B52B /* XFCategoryViewController.swift in Sources */,
				16C9FD9C1F6C29A400A138E6 /* DVActionSheetVC.swift in Sources */,
				8690FEDB1ED177B80051A16D /* XFCategoryHeadSizer.swift in Sources */,
				86A4DB501FB715690015EF92 /* XFAddressListViewController.swift in Sources */,
				862672E71EFE47AE0062B52B /* XFUser.swift in Sources */,
				862C59EF1EA3677100C2323D /* XFConstants.swift in Sources */,
				862672EB1EFE480B0062B52B /* XFProduct.swift in Sources */,
				86658BC31F5088EF00817B2C /* XFAppGuideViewController.swift in Sources */,
				86E8DF781EDAB0D6000A489F /* XFDetailDescriptionView.swift in Sources */,
				16582DC31EE4F8D400A58846 /* XFEditMyAddressView.swift in Sources */,
				865465191FC321A60007FAC6 /* XFNavMenuViewController.swift in Sources */,
				165608DB1EDACA6900D325D4 /* XFChoosePayWayViewController.swift in Sources */,
				86E8DF761EDAB0C9000A489F /* XFDetailCommentView.swift in Sources */,
				862672DB1EFE44490062B52B /* XFUserCenterViewController.swift in Sources */,
				1632FE4D1FC6E27500186A8F /* XFCollection.swift in Sources */,
				169FAF8F1F6A5BE800CB358C /* XFUserInfoView.swift in Sources */,
				8692FCD61F42029A00CD3F72 /* XFPayResultViewController.swift in Sources */,
				86FFA4281F4898D400FCC809 /* XFOrderListViewController.swift in Sources */,
				86ADDCE11F2DD88500881CFA /* XFCouponItem.swift in Sources */,
				865235C61F1AFD5A005897C3 /* XFShopCartEmptyView.swift in Sources */,
				862848531F483DD400CA52B6 /* XFAddressService.swift in Sources */,
				86A4DB561FB72CEB0015EF92 /* XFStringExtension.swift in Sources */,
				862672CF1EFE42EF0062B52B /* XFDetailViewController.swift in Sources */,
				86E8DF741EDAB0BB000A489F /* XFDetailHeaderView.swift in Sources */,
				860A43051EE4178000798678 /* XFBaseResponse.swift in Sources */,
				86EC80F61EC86C34009AB47D /* FourBillCollectionViewCell.swift in Sources */,
				1632FE4B1FC6D73D00186A8F /* XFCollectionService.swift in Sources */,
				8618BA2C1F3F963300AC9436 /* XFPayTimerCountDownViewCell.swift in Sources */,
				16200CF01F1B169C0008C039 /* XFAddress.swift in Sources */,
				86D18BA51F1E5731007643C0 /* XFCheckoutGoodsCell.swift in Sources */,
				865AA5B81EAB9E9500E94312 /* XFEnum.swift in Sources */,
				16C9FD9A1F6C1FEA00A138E6 /* UIAlertExtension.swift in Sources */,
				86ADDCD71F2B466C00881CFA /* XFSearchBar.swift in Sources */,
				86FFA4141F487DF800FCC809 /* XFExpress.swift in Sources */,
				8630B31F1EF7BCB1002F5B5C /* XFCartDataHelper.swift in Sources */,
				86FFA43E1F49DD5100FCC809 /* XFIndexArticleViewCell.swift in Sources */,
				1613F7891FBC1DE50033E42F /* XFAddToCartAnimationTool.swift in Sources */,
				86A4DB521FB7157E0015EF92 /* XFAddressManageViewController.swift in Sources */,
				863983721F85E5BE0035F0FD /* XFUserCollectionViewController.swift in Sources */,
				86ADDCDD1F2B7C5C00881CFA /* XFDescriptionItem.swift in Sources */,
				86FFA4301F48999800FCC809 /* XFUserInfoViewController.swift in Sources */,
				165608D91EDACA6000D325D4 /* XFTPayModeableViewCell.swift in Sources */,
				86FFA4161F487F4100FCC809 /* XFNewsInfoService.swift in Sources */,
				865F4F471E9A173E0059502C /* AppDelegate.swift in Sources */,
				8660D99F1F447AF800D98C18 /* XFOrderSerivice.swift in Sources */,
				86EC80F71EC86C34009AB47D /* MyBillTableViewCell.swift in Sources */,
				16C9FDA41F6E7EF700A138E6 /* XFUserInfoService.swift in Sources */,
				8692FCD41F41EDBC00CD3F72 /* XFPayResponse.swift in Sources */,
				1641E76E1F3609EC0093DADF /* XFAlert.swift in Sources */,
				86FFA4361F49C67500FCC809 /* XFOrderDetailGoodsCell.swift in Sources */,
				868613261EACCCE400A44338 /* XFImageExtension.swift in Sources */,
				86ADDCD51F2AEBCE00881CFA /* XFDataGlobal.swift in Sources */,
				86BB9A871F1D2B1E00B46EBC /* XFCheckoutViewController.swift in Sources */,
				862672FB1EFE4F3A0062B52B /* XFVerifyImage.swift in Sources */,
				86FFA4341F49C3BF00FCC809 /* XFOrderDetailAddressCell.swift in Sources */,
				16C9FD9E1F6D513400A138E6 /* XFChangePwdViewController.swift in Sources */,
				862672F31EFE492D0062B52B /* XFViewPager.swift in Sources */,
				86FFA42E1F48995700FCC809 /* XFSettingsViewController.swift in Sources */,
				16200CF51F1B7F200008C039 /* XFAvailableAddressUtils.swift in Sources */,
			);
			runOnlyForDeploymentPostprocessing = 0;
		};
/* End PBXSourcesBuildPhase section */

/* Begin XCBuildConfiguration section */
		865F4F531E9A173E0059502C /* Debug */ = {
			isa = XCBuildConfiguration;
			buildSettings = {
				ALWAYS_SEARCH_USER_PATHS = NO;
				CLANG_ANALYZER_NONNULL = YES;
				CLANG_ANALYZER_NUMBER_OBJECT_CONVERSION = YES_AGGRESSIVE;
				CLANG_CXX_LANGUAGE_STANDARD = "gnu++0x";
				CLANG_CXX_LIBRARY = "libc++";
				CLANG_ENABLE_MODULES = YES;
				CLANG_ENABLE_OBJC_ARC = YES;
				CLANG_WARN_BLOCK_CAPTURE_AUTORELEASING = YES;
				CLANG_WARN_BOOL_CONVERSION = YES;
				CLANG_WARN_COMMA = YES;
				CLANG_WARN_CONSTANT_CONVERSION = YES;
				CLANG_WARN_DIRECT_OBJC_ISA_USAGE = YES_ERROR;
				CLANG_WARN_DOCUMENTATION_COMMENTS = YES;
				CLANG_WARN_EMPTY_BODY = YES;
				CLANG_WARN_ENUM_CONVERSION = YES;
				CLANG_WARN_INFINITE_RECURSION = YES;
				CLANG_WARN_INT_CONVERSION = YES;
				CLANG_WARN_NON_LITERAL_NULL_CONVERSION = YES;
				CLANG_WARN_OBJC_LITERAL_CONVERSION = YES;
				CLANG_WARN_OBJC_ROOT_CLASS = YES_ERROR;
				CLANG_WARN_RANGE_LOOP_ANALYSIS = YES;
				CLANG_WARN_STRICT_PROTOTYPES = YES;
				CLANG_WARN_SUSPICIOUS_MOVE = YES;
				CLANG_WARN_UNREACHABLE_CODE = YES;
				CLANG_WARN__DUPLICATE_METHOD_MATCH = YES;
				"CODE_SIGN_IDENTITY[sdk=iphoneos*]" = "iPhone Developer";
				COPY_PHASE_STRIP = NO;
				DEBUG_INFORMATION_FORMAT = dwarf;
				ENABLE_STRICT_OBJC_MSGSEND = YES;
				ENABLE_TESTABILITY = YES;
				GCC_C_LANGUAGE_STANDARD = gnu99;
				GCC_DYNAMIC_NO_PIC = NO;
				GCC_NO_COMMON_BLOCKS = YES;
				GCC_OPTIMIZATION_LEVEL = 0;
				GCC_PREPROCESSOR_DEFINITIONS = (
					"DEBUG=1",
					"$(inherited)",
				);
				GCC_WARN_64_TO_32_BIT_CONVERSION = NO;
				GCC_WARN_ABOUT_RETURN_TYPE = YES_ERROR;
				GCC_WARN_UNDECLARED_SELECTOR = YES;
				GCC_WARN_UNINITIALIZED_AUTOS = YES_AGGRESSIVE;
				GCC_WARN_UNUSED_FUNCTION = YES;
				GCC_WARN_UNUSED_VARIABLE = YES;
				IPHONEOS_DEPLOYMENT_TARGET = 9.0;
				MTL_ENABLE_DEBUG_INFO = YES;
				ONLY_ACTIVE_ARCH = YES;
				SDKROOT = iphoneos;
				SWIFT_ACTIVE_COMPILATION_CONDITIONS = DEBUG;
				SWIFT_OPTIMIZATION_LEVEL = "-Onone";
				SWIFT_VERSION = 4.0;
				TARGETED_DEVICE_FAMILY = "1,2";
			};
			name = Debug;
		};
		865F4F541E9A173E0059502C /* Release */ = {
			isa = XCBuildConfiguration;
			buildSettings = {
				ALWAYS_SEARCH_USER_PATHS = NO;
				CLANG_ANALYZER_NONNULL = YES;
				CLANG_ANALYZER_NUMBER_OBJECT_CONVERSION = YES_AGGRESSIVE;
				CLANG_CXX_LANGUAGE_STANDARD = "gnu++0x";
				CLANG_CXX_LIBRARY = "libc++";
				CLANG_ENABLE_MODULES = YES;
				CLANG_ENABLE_OBJC_ARC = YES;
				CLANG_WARN_BLOCK_CAPTURE_AUTORELEASING = YES;
				CLANG_WARN_BOOL_CONVERSION = YES;
				CLANG_WARN_COMMA = YES;
				CLANG_WARN_CONSTANT_CONVERSION = YES;
				CLANG_WARN_DIRECT_OBJC_ISA_USAGE = YES_ERROR;
				CLANG_WARN_DOCUMENTATION_COMMENTS = YES;
				CLANG_WARN_EMPTY_BODY = YES;
				CLANG_WARN_ENUM_CONVERSION = YES;
				CLANG_WARN_INFINITE_RECURSION = YES;
				CLANG_WARN_INT_CONVERSION = YES;
				CLANG_WARN_NON_LITERAL_NULL_CONVERSION = YES;
				CLANG_WARN_OBJC_LITERAL_CONVERSION = YES;
				CLANG_WARN_OBJC_ROOT_CLASS = YES_ERROR;
				CLANG_WARN_RANGE_LOOP_ANALYSIS = YES;
				CLANG_WARN_STRICT_PROTOTYPES = YES;
				CLANG_WARN_SUSPICIOUS_MOVE = YES;
				CLANG_WARN_UNREACHABLE_CODE = YES;
				CLANG_WARN__DUPLICATE_METHOD_MATCH = YES;
				"CODE_SIGN_IDENTITY[sdk=iphoneos*]" = "iPhone Developer";
				COPY_PHASE_STRIP = NO;
				DEBUG_INFORMATION_FORMAT = "dwarf-with-dsym";
				ENABLE_NS_ASSERTIONS = NO;
				ENABLE_STRICT_OBJC_MSGSEND = YES;
				GCC_C_LANGUAGE_STANDARD = gnu99;
				GCC_NO_COMMON_BLOCKS = YES;
				GCC_WARN_64_TO_32_BIT_CONVERSION = NO;
				GCC_WARN_ABOUT_RETURN_TYPE = YES_ERROR;
				GCC_WARN_UNDECLARED_SELECTOR = YES;
				GCC_WARN_UNINITIALIZED_AUTOS = YES_AGGRESSIVE;
				GCC_WARN_UNUSED_FUNCTION = YES;
				GCC_WARN_UNUSED_VARIABLE = YES;
				IPHONEOS_DEPLOYMENT_TARGET = 9.0;
				MTL_ENABLE_DEBUG_INFO = NO;
				SDKROOT = iphoneos;
				SWIFT_OPTIMIZATION_LEVEL = "-Owholemodule";
				SWIFT_VERSION = 4.0;
				TARGETED_DEVICE_FAMILY = "1,2";
				VALIDATE_PRODUCT = YES;
			};
			name = Release;
		};
		865F4F561E9A173E0059502C /* Debug */ = {
			isa = XCBuildConfiguration;
			buildSettings = {
				ASSETCATALOG_COMPILER_APPICON_NAME = AppIcon;
				ASSETCATALOG_COMPILER_LAUNCHIMAGE_NAME = LaunchImage;
				"CODE_SIGN_IDENTITY[sdk=iphoneos*]" = "iPhone Developer";
				CODE_SIGN_STYLE = Automatic;
				DEVELOPMENT_TEAM = 426U84EDEE;
				FRAMEWORK_SEARCH_PATHS = (
					"$(inherited)",
					"$(PROJECT_DIR)/Carthage/Build/iOS",
					"$(PROJECT_DIR)/XFruits/AppCode/ThirdLibs/AlipaySDK15.4.1",
					"$(PROJECT_DIR)/XFruits/AppCode/ThirdLibs/WeChatSDK1.7.9",
				);
				INFOPLIST_FILE = XFruits/Info.plist;
				IPHONEOS_DEPLOYMENT_TARGET = 9.0;
				LD_RUNPATH_SEARCH_PATHS = "$(inherited) @executable_path/Frameworks";
				LIBRARY_SEARCH_PATHS = (
					"$(inherited)",
					"$(PROJECT_DIR)/XFruits/AppCode/ThirdLibs/WeChatSDK1.7.9",
					"$(PROJECT_DIR)/XFruits/AppCode/ThirdLibs/AlipaySDK15.4.1",
					"$(PROJECT_DIR)/XFruits/AppCode/ThirdLibs/QiYuSDK3.12.0",
				);
				MACOSX_DEPLOYMENT_TARGET = 10.10;
				OTHER_LDFLAGS = (
					"-Objc",
					"-all_load",
				);
				OTHER_SWIFT_FLAGS = "-D DEBUG";
				PRODUCT_BUNDLE_IDENTIFIER = org.xfru.mall.ios.mobile;
				PRODUCT_NAME = "$(TARGET_NAME)";
				PROVISIONING_PROFILE = "";
				PROVISIONING_PROFILE_SPECIFIER = "";
				SWIFT_INCLUDE_PATHS = "$(SRCROOT)/Carthage/Build/iOS/V5Client.framework/**";
				SWIFT_OBJC_BRIDGING_HEADER = "XFruits/XFruits-Bridging-Header.h";
				SWIFT_SWIFT3_OBJC_INFERENCE = Default;
				SWIFT_VERSION = 4.0;
				TARGETED_DEVICE_FAMILY = "1,2";
			};
			name = Debug;
		};
		865F4F571E9A173E0059502C /* Release */ = {
			isa = XCBuildConfiguration;
			buildSettings = {
				ASSETCATALOG_COMPILER_APPICON_NAME = AppIcon;
				ASSETCATALOG_COMPILER_LAUNCHIMAGE_NAME = LaunchImage;
				"CODE_SIGN_IDENTITY[sdk=iphoneos*]" = "iPhone Developer";
				CODE_SIGN_STYLE = Automatic;
				DEVELOPMENT_TEAM = 426U84EDEE;
				FRAMEWORK_SEARCH_PATHS = (
					"$(inherited)",
					"$(PROJECT_DIR)/Carthage/Build/iOS",
					"$(PROJECT_DIR)/XFruits/AppCode/ThirdLibs/AlipaySDK15.4.1",
					"$(PROJECT_DIR)/XFruits/AppCode/ThirdLibs/WeChatSDK1.7.9",
				);
				INFOPLIST_FILE = XFruits/Info.plist;
				IPHONEOS_DEPLOYMENT_TARGET = 9.0;
				LD_RUNPATH_SEARCH_PATHS = "$(inherited) @executable_path/Frameworks";
				LIBRARY_SEARCH_PATHS = (
					"$(inherited)",
					"$(PROJECT_DIR)/XFruits/AppCode/ThirdLibs/WeChatSDK1.7.9",
					"$(PROJECT_DIR)/XFruits/AppCode/ThirdLibs/AlipaySDK15.4.1",
					"$(PROJECT_DIR)/XFruits/AppCode/ThirdLibs/QiYuSDK3.12.0",
				);
				MACOSX_DEPLOYMENT_TARGET = 10.10;
				OTHER_LDFLAGS = (
					"-Objc",
					"-all_load",
				);
				PRODUCT_BUNDLE_IDENTIFIER = org.xfru.mall.ios.mobile;
				PRODUCT_NAME = "$(TARGET_NAME)";
				PROVISIONING_PROFILE = "";
				PROVISIONING_PROFILE_SPECIFIER = "";
				SWIFT_INCLUDE_PATHS = "$(SRCROOT)/Carthage/Build/iOS/V5Client.framework/**";
				SWIFT_OBJC_BRIDGING_HEADER = "XFruits/XFruits-Bridging-Header.h";
				SWIFT_SWIFT3_OBJC_INFERENCE = Default;
				SWIFT_VERSION = 4.0;
				TARGETED_DEVICE_FAMILY = "1,2";
			};
			name = Release;
		};
/* End XCBuildConfiguration section */

/* Begin XCConfigurationList section */
		865F4F3E1E9A173E0059502C /* Build configuration list for PBXProject "XFruits" */ = {
			isa = XCConfigurationList;
			buildConfigurations = (
				865F4F531E9A173E0059502C /* Debug */,
				865F4F541E9A173E0059502C /* Release */,
			);
			defaultConfigurationIsVisible = 0;
			defaultConfigurationName = Release;
		};
		865F4F551E9A173E0059502C /* Build configuration list for PBXNativeTarget "XFruits" */ = {
			isa = XCConfigurationList;
			buildConfigurations = (
				865F4F561E9A173E0059502C /* Debug */,
				865F4F571E9A173E0059502C /* Release */,
			);
			defaultConfigurationIsVisible = 0;
			defaultConfigurationName = Release;
		};
/* End XCConfigurationList section */
	};
	rootObject = 865F4F3B1E9A173E0059502C /* Project object */;
}
